// !$*UTF8*$!
{
	archiveVersion = 1;
	classes = {
	};
	objectVersion = 46;
	objects = {

/* Begin PBXBuildFile section */
		3F5B96E01BC7AE7C00C947F3 /* HttpClient.m in Sources */ = {isa = PBXBuildFile; fileRef = 3F5B96DF1BC7AE7C00C947F3 /* HttpClient.m */; settings = {ASSET_TAGS = (); }; };
		3F5B96E31BC7AEA600C947F3 /* Core.m in Sources */ = {isa = PBXBuildFile; fileRef = 3F5B96E21BC7AEA600C947F3 /* Core.m */; settings = {ASSET_TAGS = (); }; };
		3F5B96E71BC8C31E00C947F3 /* MeinvListService.m in Sources */ = {isa = PBXBuildFile; fileRef = 3F5B96E61BC8C31E00C947F3 /* MeinvListService.m */; settings = {ASSET_TAGS = (); }; };
		3F5B96EB1BC8F70600C947F3 /* HomeTableViewCell.m in Sources */ = {isa = PBXBuildFile; fileRef = 3F5B96E91BC8F70600C947F3 /* HomeTableViewCell.m */; settings = {ASSET_TAGS = (); }; };
		3F5B96EC1BC8F70600C947F3 /* HomeTableViewCell.xib in Resources */ = {isa = PBXBuildFile; fileRef = 3F5B96EA1BC8F70600C947F3 /* HomeTableViewCell.xib */; settings = {ASSET_TAGS = (); }; };
		3F5B96F01BC8FA5500C947F3 /* MeinvModel.m in Sources */ = {isa = PBXBuildFile; fileRef = 3F5B96EE1BC8FA5500C947F3 /* MeinvModel.m */; settings = {ASSET_TAGS = (); }; };
		3F5B96F41BC902CF00C947F3 /* WebViewController.m in Sources */ = {isa = PBXBuildFile; fileRef = 3F5B96F31BC902CF00C947F3 /* WebViewController.m */; settings = {ASSET_TAGS = (); }; };
		3F65DE081BCB5B3B0090E843 /* Candy.xcdatamodeld in Sources */ = {isa = PBXBuildFile; fileRef = 3F65DE061BCB5B3B0090E843 /* Candy.xcdatamodeld */; settings = {ASSET_TAGS = (); }; };
		3F65DE0D1BCB5FCD0090E843 /* ManageCoreData.m in Sources */ = {isa = PBXBuildFile; fileRef = 3F65DE0C1BCB5FCD0090E843 /* ManageCoreData.m */; settings = {ASSET_TAGS = (); }; };
		3F65DE101BCB631B0090E843 /* ManageCoreData+Insert.m in Sources */ = {isa = PBXBuildFile; fileRef = 3F65DE0F1BCB631B0090E843 /* ManageCoreData+Insert.m */; settings = {ASSET_TAGS = (); }; };
		3F65DE161BCB66C60090E843 /* NSManagedObject+EntityCreate.m in Sources */ = {isa = PBXBuildFile; fileRef = 3F65DE131BCB66C60090E843 /* NSManagedObject+EntityCreate.m */; settings = {ASSET_TAGS = (); }; };
		3F65DE171BCB66C60090E843 /* NSManagedObjectContext+Help.m in Sources */ = {isa = PBXBuildFile; fileRef = 3F65DE151BCB66C60090E843 /* NSManagedObjectContext+Help.m */; settings = {ASSET_TAGS = (); }; };
		3F65DE1C1BCB67070090E843 /* Meinv+CoreDataProperties.m in Sources */ = {isa = PBXBuildFile; fileRef = 3F65DE191BCB67070090E843 /* Meinv+CoreDataProperties.m */; settings = {ASSET_TAGS = (); }; };
		3F65DE1D1BCB67070090E843 /* Meinv.m in Sources */ = {isa = PBXBuildFile; fileRef = 3F65DE1B1BCB67070090E843 /* Meinv.m */; settings = {ASSET_TAGS = (); }; };
		3F65DE201BCB691A0090E843 /* UITableView+FetchResult.m in Sources */ = {isa = PBXBuildFile; fileRef = 3F65DE1F1BCB691A0090E843 /* UITableView+FetchResult.m */; settings = {ASSET_TAGS = (); }; };
		3FC3BED21BC79A2100E498F8 /* main.m in Sources */ = {isa = PBXBuildFile; fileRef = 3FC3BED11BC79A2100E498F8 /* main.m */; };
		3FC3BED51BC79A2100E498F8 /* AppDelegate.m in Sources */ = {isa = PBXBuildFile; fileRef = 3FC3BED41BC79A2100E498F8 /* AppDelegate.m */; };
		3FC3BEDD1BC79A2100E498F8 /* Assets.xcassets in Resources */ = {isa = PBXBuildFile; fileRef = 3FC3BEDC1BC79A2100E498F8 /* Assets.xcassets */; };
		3FC3BEE01BC79A2100E498F8 /* LaunchScreen.storyboard in Resources */ = {isa = PBXBuildFile; fileRef = 3FC3BEDE1BC79A2100E498F8 /* LaunchScreen.storyboard */; };
		3FC3BEEB1BC79A2100E498F8 /* CandyTests.m in Sources */ = {isa = PBXBuildFile; fileRef = 3FC3BEEA1BC79A2100E498F8 /* CandyTests.m */; };
		3FC3BEF61BC79A2100E498F8 /* CandyUITests.m in Sources */ = {isa = PBXBuildFile; fileRef = 3FC3BEF51BC79A2100E498F8 /* CandyUITests.m */; };
		3FC3BF0C1BC79D2000E498F8 /* XYRouter.m in Sources */ = {isa = PBXBuildFile; fileRef = 3FC3BF0B1BC79D2000E498F8 /* XYRouter.m */; settings = {ASSET_TAGS = (); }; };
		3FC3BF101BC79F0200E498F8 /* RootTabBarController.m in Sources */ = {isa = PBXBuildFile; fileRef = 3FC3BF0F1BC79F0200E498F8 /* RootTabBarController.m */; settings = {ASSET_TAGS = (); }; };
		3FC3BF141BC79FCB00E498F8 /* HomeViewController.m in Sources */ = {isa = PBXBuildFile; fileRef = 3FC3BF131BC79FCB00E498F8 /* HomeViewController.m */; settings = {ASSET_TAGS = (); }; };
		3FC3BF181BC79FF900E498F8 /* SecondViewController.m in Sources */ = {isa = PBXBuildFile; fileRef = 3FC3BF171BC79FF900E498F8 /* SecondViewController.m */; settings = {ASSET_TAGS = (); }; };
		3FFBB6401BC91F35005EAA02 /* DomobAdSDKBundle.bundle in Resources */ = {isa = PBXBuildFile; fileRef = 3FFBB63C1BC91F35005EAA02 /* DomobAdSDKBundle.bundle */; settings = {ASSET_TAGS = (); }; };
		3FFBB6411BC91F35005EAA02 /* libDomobAdSDK.a in Frameworks */ = {isa = PBXBuildFile; fileRef = 3FFBB63D1BC91F35005EAA02 /* libDomobAdSDK.a */; settings = {ASSET_TAGS = (); }; };
		3FFBB6421BC91F36005EAA02 /* README.txt in Resources */ = {isa = PBXBuildFile; fileRef = 3FFBB63E1BC91F35005EAA02 /* README.txt */; settings = {ASSET_TAGS = (); }; };
		3FFBB6431BC91F36005EAA02 /* UserGuide.pdf in Resources */ = {isa = PBXBuildFile; fileRef = 3FFBB63F1BC91F35005EAA02 /* UserGuide.pdf */; settings = {ASSET_TAGS = (); }; };
		3FFBB6451BC91F60005EAA02 /* SystemConfiguration.framework in Frameworks */ = {isa = PBXBuildFile; fileRef = 3FFBB6441BC91F60005EAA02 /* SystemConfiguration.framework */; };
		3FFBB6471BC91F70005EAA02 /* CoreGraphics.framework in Frameworks */ = {isa = PBXBuildFile; fileRef = 3FFBB6461BC91F70005EAA02 /* CoreGraphics.framework */; };
		3FFBB6491BC91F7C005EAA02 /* CoreLocation.framework in Frameworks */ = {isa = PBXBuildFile; fileRef = 3FFBB6481BC91F7C005EAA02 /* CoreLocation.framework */; };
		3FFBB64B1BC91F87005EAA02 /* StoreKit.framework in Frameworks */ = {isa = PBXBuildFile; fileRef = 3FFBB64A1BC91F87005EAA02 /* StoreKit.framework */; };
		3FFBB64D1BC91F90005EAA02 /* PassKit.framework in Frameworks */ = {isa = PBXBuildFile; fileRef = 3FFBB64C1BC91F90005EAA02 /* PassKit.framework */; };
		3FFBB64F1BC91F99005EAA02 /* AdSupport.framework in Frameworks */ = {isa = PBXBuildFile; fileRef = 3FFBB64E1BC91F99005EAA02 /* AdSupport.framework */; };
		3FFBB6511BC922DA005EAA02 /* CoreMedia.framework in Frameworks */ = {isa = PBXBuildFile; fileRef = 3FFBB6501BC922DA005EAA02 /* CoreMedia.framework */; };
		3FFBB6531BC922FF005EAA02 /* libz.tbd in Frameworks */ = {isa = PBXBuildFile; fileRef = 3FFBB6521BC922FF005EAA02 /* libz.tbd */; };
		3FFBB6551BC92316005EAA02 /* libsqlite3.tbd in Frameworks */ = {isa = PBXBuildFile; fileRef = 3FFBB6541BC92316005EAA02 /* libsqlite3.tbd */; };
		3FFBB6571BC9232C005EAA02 /* MediaPlayer.framework in Frameworks */ = {isa = PBXBuildFile; fileRef = 3FFBB6561BC9232C005EAA02 /* MediaPlayer.framework */; };
		3FFBB6591BC92338005EAA02 /* CoreText.framework in Frameworks */ = {isa = PBXBuildFile; fileRef = 3FFBB6581BC92338005EAA02 /* CoreText.framework */; };
		3FFBB65B1BC92343005EAA02 /* Social.framework in Frameworks */ = {isa = PBXBuildFile; fileRef = 3FFBB65A1BC92343005EAA02 /* Social.framework */; };
		3FFBB65D1BC9234F005EAA02 /* EventKit.framework in Frameworks */ = {isa = PBXBuildFile; fileRef = 3FFBB65C1BC9234F005EAA02 /* EventKit.framework */; };
		3FFBB65F1BC92354005EAA02 /* AVFoundation.framework in Frameworks */ = {isa = PBXBuildFile; fileRef = 3FFBB65E1BC92354005EAA02 /* AVFoundation.framework */; };
		3FFBB6611BC92366005EAA02 /* AudioToolbox.framework in Frameworks */ = {isa = PBXBuildFile; fileRef = 3FFBB6601BC92366005EAA02 /* AudioToolbox.framework */; };
		3FFBB6631BC92372005EAA02 /* Foundation.framework in Frameworks */ = {isa = PBXBuildFile; fileRef = 3FFBB6621BC92372005EAA02 /* Foundation.framework */; };
		7A2B71DA15011093610939B4 /* libPods.a in Frameworks */ = {isa = PBXBuildFile; fileRef = 8F4965E4C9B2C89E3E0B5786 /* libPods.a */; };
/* End PBXBuildFile section */

/* Begin PBXContainerItemProxy section */
		3FC3BEE71BC79A2100E498F8 /* PBXContainerItemProxy */ = {
			isa = PBXContainerItemProxy;
			containerPortal = 3FC3BEC51BC79A2100E498F8 /* Project object */;
			proxyType = 1;
			remoteGlobalIDString = 3FC3BECC1BC79A2100E498F8;
			remoteInfo = Candy;
		};
		3FC3BEF21BC79A2100E498F8 /* PBXContainerItemProxy */ = {
			isa = PBXContainerItemProxy;
			containerPortal = 3FC3BEC51BC79A2100E498F8 /* Project object */;
			proxyType = 1;
			remoteGlobalIDString = 3FC3BECC1BC79A2100E498F8;
			remoteInfo = Candy;
		};
/* End PBXContainerItemProxy section */

/* Begin PBXFileReference section */
		3F5B96DE1BC7AE7C00C947F3 /* HttpClient.h */ = {isa = PBXFileReference; fileEncoding = 4; lastKnownFileType = sourcecode.c.h; path = HttpClient.h; sourceTree = "<group>"; };
		3F5B96DF1BC7AE7C00C947F3 /* HttpClient.m */ = {isa = PBXFileReference; fileEncoding = 4; lastKnownFileType = sourcecode.c.objc; path = HttpClient.m; sourceTree = "<group>"; };
		3F5B96E11BC7AEA600C947F3 /* Core.h */ = {isa = PBXFileReference; fileEncoding = 4; lastKnownFileType = sourcecode.c.h; path = Core.h; sourceTree = "<group>"; };
		3F5B96E21BC7AEA600C947F3 /* Core.m */ = {isa = PBXFileReference; fileEncoding = 4; lastKnownFileType = sourcecode.c.objc; path = Core.m; sourceTree = "<group>"; };
		3F5B96E51BC8C31E00C947F3 /* MeinvListService.h */ = {isa = PBXFileReference; fileEncoding = 4; lastKnownFileType = sourcecode.c.h; path = MeinvListService.h; sourceTree = "<group>"; };
		3F5B96E61BC8C31E00C947F3 /* MeinvListService.m */ = {isa = PBXFileReference; fileEncoding = 4; lastKnownFileType = sourcecode.c.objc; path = MeinvListService.m; sourceTree = "<group>"; };
		3F5B96E81BC8F70600C947F3 /* HomeTableViewCell.h */ = {isa = PBXFileReference; fileEncoding = 4; lastKnownFileType = sourcecode.c.h; path = HomeTableViewCell.h; sourceTree = "<group>"; };
		3F5B96E91BC8F70600C947F3 /* HomeTableViewCell.m */ = {isa = PBXFileReference; fileEncoding = 4; lastKnownFileType = sourcecode.c.objc; path = HomeTableViewCell.m; sourceTree = "<group>"; };
		3F5B96EA1BC8F70600C947F3 /* HomeTableViewCell.xib */ = {isa = PBXFileReference; fileEncoding = 4; lastKnownFileType = file.xib; path = HomeTableViewCell.xib; sourceTree = "<group>"; };
		3F5B96EE1BC8FA5500C947F3 /* MeinvModel.m */ = {isa = PBXFileReference; fileEncoding = 4; lastKnownFileType = sourcecode.c.objc; path = MeinvModel.m; sourceTree = "<group>"; };
		3F5B96EF1BC8FA5500C947F3 /* MeinvModel.h */ = {isa = PBXFileReference; fileEncoding = 4; lastKnownFileType = sourcecode.c.h; path = MeinvModel.h; sourceTree = "<group>"; };
		3F5B96F21BC902CF00C947F3 /* WebViewController.h */ = {isa = PBXFileReference; fileEncoding = 4; lastKnownFileType = sourcecode.c.h; path = WebViewController.h; sourceTree = "<group>"; };
		3F5B96F31BC902CF00C947F3 /* WebViewController.m */ = {isa = PBXFileReference; fileEncoding = 4; lastKnownFileType = sourcecode.c.objc; path = WebViewController.m; sourceTree = "<group>"; };
		3F65DE071BCB5B3B0090E843 /* Candy.xcdatamodel */ = {isa = PBXFileReference; lastKnownFileType = wrapper.xcdatamodel; path = Candy.xcdatamodel; sourceTree = "<group>"; };
		3F65DE0B1BCB5FCD0090E843 /* ManageCoreData.h */ = {isa = PBXFileReference; fileEncoding = 4; lastKnownFileType = sourcecode.c.h; path = ManageCoreData.h; sourceTree = "<group>"; };
		3F65DE0C1BCB5FCD0090E843 /* ManageCoreData.m */ = {isa = PBXFileReference; fileEncoding = 4; lastKnownFileType = sourcecode.c.objc; path = ManageCoreData.m; sourceTree = "<group>"; };
		3F65DE0E1BCB631B0090E843 /* ManageCoreData+Insert.h */ = {isa = PBXFileReference; fileEncoding = 4; lastKnownFileType = sourcecode.c.h; path = "ManageCoreData+Insert.h"; sourceTree = "<group>"; };
		3F65DE0F1BCB631B0090E843 /* ManageCoreData+Insert.m */ = {isa = PBXFileReference; fileEncoding = 4; lastKnownFileType = sourcecode.c.objc; path = "ManageCoreData+Insert.m"; sourceTree = "<group>"; };
		3F65DE121BCB66C60090E843 /* NSManagedObject+EntityCreate.h */ = {isa = PBXFileReference; fileEncoding = 4; lastKnownFileType = sourcecode.c.h; path = "NSManagedObject+EntityCreate.h"; sourceTree = "<group>"; };
		3F65DE131BCB66C60090E843 /* NSManagedObject+EntityCreate.m */ = {isa = PBXFileReference; fileEncoding = 4; lastKnownFileType = sourcecode.c.objc; path = "NSManagedObject+EntityCreate.m"; sourceTree = "<group>"; };
		3F65DE141BCB66C60090E843 /* NSManagedObjectContext+Help.h */ = {isa = PBXFileReference; fileEncoding = 4; lastKnownFileType = sourcecode.c.h; path = "NSManagedObjectContext+Help.h"; sourceTree = "<group>"; };
		3F65DE151BCB66C60090E843 /* NSManagedObjectContext+Help.m */ = {isa = PBXFileReference; fileEncoding = 4; lastKnownFileType = sourcecode.c.objc; path = "NSManagedObjectContext+Help.m"; sourceTree = "<group>"; };
		3F65DE181BCB67070090E843 /* Meinv+CoreDataProperties.h */ = {isa = PBXFileReference; fileEncoding = 4; lastKnownFileType = sourcecode.c.h; path = "Meinv+CoreDataProperties.h"; sourceTree = "<group>"; };
		3F65DE191BCB67070090E843 /* Meinv+CoreDataProperties.m */ = {isa = PBXFileReference; fileEncoding = 4; lastKnownFileType = sourcecode.c.objc; path = "Meinv+CoreDataProperties.m"; sourceTree = "<group>"; };
		3F65DE1A1BCB67070090E843 /* Meinv.h */ = {isa = PBXFileReference; fileEncoding = 4; lastKnownFileType = sourcecode.c.h; path = Meinv.h; sourceTree = "<group>"; };
		3F65DE1B1BCB67070090E843 /* Meinv.m */ = {isa = PBXFileReference; fileEncoding = 4; lastKnownFileType = sourcecode.c.objc; path = Meinv.m; sourceTree = "<group>"; };
		3F65DE1E1BCB691A0090E843 /* UITableView+FetchResult.h */ = {isa = PBXFileReference; fileEncoding = 4; lastKnownFileType = sourcecode.c.h; path = "UITableView+FetchResult.h"; sourceTree = "<group>"; };
		3F65DE1F1BCB691A0090E843 /* UITableView+FetchResult.m */ = {isa = PBXFileReference; fileEncoding = 4; lastKnownFileType = sourcecode.c.objc; path = "UITableView+FetchResult.m"; sourceTree = "<group>"; };
		3FC3BECD1BC79A2100E498F8 /* Candy.app */ = {isa = PBXFileReference; explicitFileType = wrapper.application; includeInIndex = 0; path = Candy.app; sourceTree = BUILT_PRODUCTS_DIR; };
		3FC3BED11BC79A2100E498F8 /* main.m */ = {isa = PBXFileReference; lastKnownFileType = sourcecode.c.objc; path = main.m; sourceTree = "<group>"; };
		3FC3BED31BC79A2100E498F8 /* AppDelegate.h */ = {isa = PBXFileReference; lastKnownFileType = sourcecode.c.h; path = AppDelegate.h; sourceTree = "<group>"; };
		3FC3BED41BC79A2100E498F8 /* AppDelegate.m */ = {isa = PBXFileReference; lastKnownFileType = sourcecode.c.objc; path = AppDelegate.m; sourceTree = "<group>"; };
		3FC3BEDC1BC79A2100E498F8 /* Assets.xcassets */ = {isa = PBXFileReference; lastKnownFileType = folder.assetcatalog; path = Assets.xcassets; sourceTree = "<group>"; };
		3FC3BEDF1BC79A2100E498F8 /* Base */ = {isa = PBXFileReference; lastKnownFileType = file.storyboard; name = Base; path = Base.lproj/LaunchScreen.storyboard; sourceTree = "<group>"; };
		3FC3BEE11BC79A2100E498F8 /* Info.plist */ = {isa = PBXFileReference; lastKnownFileType = text.plist.xml; path = Info.plist; sourceTree = "<group>"; };
		3FC3BEE61BC79A2100E498F8 /* CandyTests.xctest */ = {isa = PBXFileReference; explicitFileType = wrapper.cfbundle; includeInIndex = 0; path = CandyTests.xctest; sourceTree = BUILT_PRODUCTS_DIR; };
		3FC3BEEA1BC79A2100E498F8 /* CandyTests.m */ = {isa = PBXFileReference; lastKnownFileType = sourcecode.c.objc; path = CandyTests.m; sourceTree = "<group>"; };
		3FC3BEEC1BC79A2100E498F8 /* Info.plist */ = {isa = PBXFileReference; lastKnownFileType = text.plist.xml; path = Info.plist; sourceTree = "<group>"; };
		3FC3BEF11BC79A2100E498F8 /* CandyUITests.xctest */ = {isa = PBXFileReference; explicitFileType = wrapper.cfbundle; includeInIndex = 0; path = CandyUITests.xctest; sourceTree = BUILT_PRODUCTS_DIR; };
		3FC3BEF51BC79A2100E498F8 /* CandyUITests.m */ = {isa = PBXFileReference; lastKnownFileType = sourcecode.c.objc; path = CandyUITests.m; sourceTree = "<group>"; };
		3FC3BEF71BC79A2100E498F8 /* Info.plist */ = {isa = PBXFileReference; lastKnownFileType = text.plist.xml; path = Info.plist; sourceTree = "<group>"; };
		3FC3BF0A1BC79D2000E498F8 /* XYRouter.h */ = {isa = PBXFileReference; fileEncoding = 4; lastKnownFileType = sourcecode.c.h; path = XYRouter.h; sourceTree = "<group>"; };
		3FC3BF0B1BC79D2000E498F8 /* XYRouter.m */ = {isa = PBXFileReference; fileEncoding = 4; lastKnownFileType = sourcecode.c.objc; path = XYRouter.m; sourceTree = "<group>"; };
		3FC3BF0D1BC79D5300E498F8 /* PrefixHeader.pch */ = {isa = PBXFileReference; lastKnownFileType = sourcecode.c.h; path = PrefixHeader.pch; sourceTree = "<group>"; };
		3FC3BF0E1BC79F0200E498F8 /* RootTabBarController.h */ = {isa = PBXFileReference; fileEncoding = 4; lastKnownFileType = sourcecode.c.h; path = RootTabBarController.h; sourceTree = "<group>"; };
		3FC3BF0F1BC79F0200E498F8 /* RootTabBarController.m */ = {isa = PBXFileReference; fileEncoding = 4; lastKnownFileType = sourcecode.c.objc; path = RootTabBarController.m; sourceTree = "<group>"; };
		3FC3BF121BC79FCB00E498F8 /* HomeViewController.h */ = {isa = PBXFileReference; fileEncoding = 4; lastKnownFileType = sourcecode.c.h; path = HomeViewController.h; sourceTree = "<group>"; };
		3FC3BF131BC79FCB00E498F8 /* HomeViewController.m */ = {isa = PBXFileReference; fileEncoding = 4; lastKnownFileType = sourcecode.c.objc; path = HomeViewController.m; sourceTree = "<group>"; };
		3FC3BF161BC79FF900E498F8 /* SecondViewController.h */ = {isa = PBXFileReference; fileEncoding = 4; lastKnownFileType = sourcecode.c.h; path = SecondViewController.h; sourceTree = "<group>"; };
		3FC3BF171BC79FF900E498F8 /* SecondViewController.m */ = {isa = PBXFileReference; fileEncoding = 4; lastKnownFileType = sourcecode.c.objc; path = SecondViewController.m; sourceTree = "<group>"; };
		3FFBB6351BC91F35005EAA02 /* DMAdView.h */ = {isa = PBXFileReference; fileEncoding = 4; lastKnownFileType = sourcecode.c.h; path = DMAdView.h; sourceTree = "<group>"; };
		3FFBB6361BC91F35005EAA02 /* DMFeedsAdView.h */ = {isa = PBXFileReference; fileEncoding = 4; lastKnownFileType = sourcecode.c.h; path = DMFeedsAdView.h; sourceTree = "<group>"; };
		3FFBB6371BC91F35005EAA02 /* DMInterstitialAdController.h */ = {isa = PBXFileReference; fileEncoding = 4; lastKnownFileType = sourcecode.c.h; path = DMInterstitialAdController.h; sourceTree = "<group>"; };
		3FFBB6381BC91F35005EAA02 /* DMRTSplashAdController.h */ = {isa = PBXFileReference; fileEncoding = 4; lastKnownFileType = sourcecode.c.h; path = DMRTSplashAdController.h; sourceTree = "<group>"; };
		3FFBB6391BC91F35005EAA02 /* DMSplashAdController.h */ = {isa = PBXFileReference; fileEncoding = 4; lastKnownFileType = sourcecode.c.h; path = DMSplashAdController.h; sourceTree = "<group>"; };
		3FFBB63A1BC91F35005EAA02 /* DMTools.h */ = {isa = PBXFileReference; fileEncoding = 4; lastKnownFileType = sourcecode.c.h; path = DMTools.h; sourceTree = "<group>"; };
		3FFBB63C1BC91F35005EAA02 /* DomobAdSDKBundle.bundle */ = {isa = PBXFileReference; lastKnownFileType = "wrapper.plug-in"; path = DomobAdSDKBundle.bundle; sourceTree = "<group>"; };
		3FFBB63D1BC91F35005EAA02 /* libDomobAdSDK.a */ = {isa = PBXFileReference; lastKnownFileType = archive.ar; path = libDomobAdSDK.a; sourceTree = "<group>"; };
		3FFBB63E1BC91F35005EAA02 /* README.txt */ = {isa = PBXFileReference; fileEncoding = 4; lastKnownFileType = text; path = README.txt; sourceTree = "<group>"; };
		3FFBB63F1BC91F35005EAA02 /* UserGuide.pdf */ = {isa = PBXFileReference; lastKnownFileType = image.pdf; path = UserGuide.pdf; sourceTree = "<group>"; };
		3FFBB6441BC91F60005EAA02 /* SystemConfiguration.framework */ = {isa = PBXFileReference; lastKnownFileType = wrapper.framework; name = SystemConfiguration.framework; path = System/Library/Frameworks/SystemConfiguration.framework; sourceTree = SDKROOT; };
		3FFBB6461BC91F70005EAA02 /* CoreGraphics.framework */ = {isa = PBXFileReference; lastKnownFileType = wrapper.framework; name = CoreGraphics.framework; path = System/Library/Frameworks/CoreGraphics.framework; sourceTree = SDKROOT; };
		3FFBB6481BC91F7C005EAA02 /* CoreLocation.framework */ = {isa = PBXFileReference; lastKnownFileType = wrapper.framework; name = CoreLocation.framework; path = System/Library/Frameworks/CoreLocation.framework; sourceTree = SDKROOT; };
		3FFBB64A1BC91F87005EAA02 /* StoreKit.framework */ = {isa = PBXFileReference; lastKnownFileType = wrapper.framework; name = StoreKit.framework; path = System/Library/Frameworks/StoreKit.framework; sourceTree = SDKROOT; };
		3FFBB64C1BC91F90005EAA02 /* PassKit.framework */ = {isa = PBXFileReference; lastKnownFileType = wrapper.framework; name = PassKit.framework; path = System/Library/Frameworks/PassKit.framework; sourceTree = SDKROOT; };
		3FFBB64E1BC91F99005EAA02 /* AdSupport.framework */ = {isa = PBXFileReference; lastKnownFileType = wrapper.framework; name = AdSupport.framework; path = System/Library/Frameworks/AdSupport.framework; sourceTree = SDKROOT; };
		3FFBB6501BC922DA005EAA02 /* CoreMedia.framework */ = {isa = PBXFileReference; lastKnownFileType = wrapper.framework; name = CoreMedia.framework; path = System/Library/Frameworks/CoreMedia.framework; sourceTree = SDKROOT; };
		3FFBB6521BC922FF005EAA02 /* libz.tbd */ = {isa = PBXFileReference; lastKnownFileType = "sourcecode.text-based-dylib-definition"; name = libz.tbd; path = usr/lib/libz.tbd; sourceTree = SDKROOT; };
		3FFBB6541BC92316005EAA02 /* libsqlite3.tbd */ = {isa = PBXFileReference; lastKnownFileType = "sourcecode.text-based-dylib-definition"; name = libsqlite3.tbd; path = usr/lib/libsqlite3.tbd; sourceTree = SDKROOT; };
		3FFBB6561BC9232C005EAA02 /* MediaPlayer.framework */ = {isa = PBXFileReference; lastKnownFileType = wrapper.framework; name = MediaPlayer.framework; path = System/Library/Frameworks/MediaPlayer.framework; sourceTree = SDKROOT; };
		3FFBB6581BC92338005EAA02 /* CoreText.framework */ = {isa = PBXFileReference; lastKnownFileType = wrapper.framework; name = CoreText.framework; path = System/Library/Frameworks/CoreText.framework; sourceTree = SDKROOT; };
		3FFBB65A1BC92343005EAA02 /* Social.framework */ = {isa = PBXFileReference; lastKnownFileType = wrapper.framework; name = Social.framework; path = System/Library/Frameworks/Social.framework; sourceTree = SDKROOT; };
		3FFBB65C1BC9234F005EAA02 /* EventKit.framework */ = {isa = PBXFileReference; lastKnownFileType = wrapper.framework; name = EventKit.framework; path = System/Library/Frameworks/EventKit.framework; sourceTree = SDKROOT; };
		3FFBB65E1BC92354005EAA02 /* AVFoundation.framework */ = {isa = PBXFileReference; lastKnownFileType = wrapper.framework; name = AVFoundation.framework; path = System/Library/Frameworks/AVFoundation.framework; sourceTree = SDKROOT; };
		3FFBB6601BC92366005EAA02 /* AudioToolbox.framework */ = {isa = PBXFileReference; lastKnownFileType = wrapper.framework; name = AudioToolbox.framework; path = System/Library/Frameworks/AudioToolbox.framework; sourceTree = SDKROOT; };
		3FFBB6621BC92372005EAA02 /* Foundation.framework */ = {isa = PBXFileReference; lastKnownFileType = wrapper.framework; name = Foundation.framework; path = System/Library/Frameworks/Foundation.framework; sourceTree = SDKROOT; };
		6AE9BF5F6F3324B549C875A1 /* Pods.release.xcconfig */ = {isa = PBXFileReference; includeInIndex = 1; lastKnownFileType = text.xcconfig; name = Pods.release.xcconfig; path = "Pods/Target Support Files/Pods/Pods.release.xcconfig"; sourceTree = "<group>"; };
		8F4965E4C9B2C89E3E0B5786 /* libPods.a */ = {isa = PBXFileReference; explicitFileType = archive.ar; includeInIndex = 0; path = libPods.a; sourceTree = BUILT_PRODUCTS_DIR; };
		CDE2C6DD0F433E56FF8896C9 /* Pods.debug.xcconfig */ = {isa = PBXFileReference; includeInIndex = 1; lastKnownFileType = text.xcconfig; name = Pods.debug.xcconfig; path = "Pods/Target Support Files/Pods/Pods.debug.xcconfig"; sourceTree = "<group>"; };
/* End PBXFileReference section */

/* Begin PBXFrameworksBuildPhase section */
		3FC3BECA1BC79A2100E498F8 /* Frameworks */ = {
			isa = PBXFrameworksBuildPhase;
			buildActionMask = 2147483647;
			files = (
				3FFBB6631BC92372005EAA02 /* Foundation.framework in Frameworks */,
				3FFBB6611BC92366005EAA02 /* AudioToolbox.framework in Frameworks */,
				3FFBB65F1BC92354005EAA02 /* AVFoundation.framework in Frameworks */,
				3FFBB65D1BC9234F005EAA02 /* EventKit.framework in Frameworks */,
				3FFBB65B1BC92343005EAA02 /* Social.framework in Frameworks */,
				3FFBB6591BC92338005EAA02 /* CoreText.framework in Frameworks */,
				3FFBB6571BC9232C005EAA02 /* MediaPlayer.framework in Frameworks */,
				3FFBB6551BC92316005EAA02 /* libsqlite3.tbd in Frameworks */,
				3FFBB6531BC922FF005EAA02 /* libz.tbd in Frameworks */,
				3FFBB6511BC922DA005EAA02 /* CoreMedia.framework in Frameworks */,
				3FFBB64F1BC91F99005EAA02 /* AdSupport.framework in Frameworks */,
				3FFBB64D1BC91F90005EAA02 /* PassKit.framework in Frameworks */,
				3FFBB64B1BC91F87005EAA02 /* StoreKit.framework in Frameworks */,
				3FFBB6491BC91F7C005EAA02 /* CoreLocation.framework in Frameworks */,
				3FFBB6471BC91F70005EAA02 /* CoreGraphics.framework in Frameworks */,
				3FFBB6451BC91F60005EAA02 /* SystemConfiguration.framework in Frameworks */,
				7A2B71DA15011093610939B4 /* libPods.a in Frameworks */,
				3FFBB6411BC91F35005EAA02 /* libDomobAdSDK.a in Frameworks */,
			);
			runOnlyForDeploymentPostprocessing = 0;
		};
		3FC3BEE31BC79A2100E498F8 /* Frameworks */ = {
			isa = PBXFrameworksBuildPhase;
			buildActionMask = 2147483647;
			files = (
			);
			runOnlyForDeploymentPostprocessing = 0;
		};
		3FC3BEEE1BC79A2100E498F8 /* Frameworks */ = {
			isa = PBXFrameworksBuildPhase;
			buildActionMask = 2147483647;
			files = (
			);
			runOnlyForDeploymentPostprocessing = 0;
		};
/* End PBXFrameworksBuildPhase section */

/* Begin PBXGroup section */
		3F5B96DD1BC7AE7C00C947F3 /* Network */ = {
			isa = PBXGroup;
			children = (
				3F5B96DE1BC7AE7C00C947F3 /* HttpClient.h */,
				3F5B96DF1BC7AE7C00C947F3 /* HttpClient.m */,
			);
			path = Network;
			sourceTree = "<group>";
		};
		3F5B96E41BC8C30500C947F3 /* Services */ = {
			isa = PBXGroup;
			children = (
				3F5B96E51BC8C31E00C947F3 /* MeinvListService.h */,
				3F5B96E61BC8C31E00C947F3 /* MeinvListService.m */,
			);
			path = Services;
			sourceTree = "<group>";
		};
		3F5B96ED1BC8FA4300C947F3 /* Entity */ = {
			isa = PBXGroup;
			children = (
				3F5B96EF1BC8FA5500C947F3 /* MeinvModel.h */,
				3F5B96EE1BC8FA5500C947F3 /* MeinvModel.m */,
			);
			name = Entity;
			sourceTree = "<group>";
		};
		3F5B96F11BC9029100C947F3 /* WebView */ = {
			isa = PBXGroup;
			children = (
				3F5B96F21BC902CF00C947F3 /* WebViewController.h */,
				3F5B96F31BC902CF00C947F3 /* WebViewController.m */,
			);
			name = WebView;
			sourceTree = "<group>";
		};
		3F65DE051BCB5A7A0090E843 /* CoreData */ = {
			isa = PBXGroup;
			children = (
				3F65DE111BCB66B70090E843 /* EntityHelp */,
				3F65DE0A1BCB5BE30090E843 /* ManageCoreData */,
				3F65DE091BCB5BD60090E843 /* Entity */,
				3F65DE061BCB5B3B0090E843 /* Candy.xcdatamodeld */,
			);
			name = CoreData;
			sourceTree = "<group>";
		};
		3F65DE091BCB5BD60090E843 /* Entity */ = {
			isa = PBXGroup;
			children = (
				3F65DE181BCB67070090E843 /* Meinv+CoreDataProperties.h */,
				3F65DE191BCB67070090E843 /* Meinv+CoreDataProperties.m */,
				3F65DE1A1BCB67070090E843 /* Meinv.h */,
				3F65DE1B1BCB67070090E843 /* Meinv.m */,
			);
			name = Entity;
			sourceTree = "<group>";
		};
		3F65DE0A1BCB5BE30090E843 /* ManageCoreData */ = {
			isa = PBXGroup;
			children = (
				3F65DE0B1BCB5FCD0090E843 /* ManageCoreData.h */,
				3F65DE0C1BCB5FCD0090E843 /* ManageCoreData.m */,
				3F65DE0E1BCB631B0090E843 /* ManageCoreData+Insert.h */,
				3F65DE0F1BCB631B0090E843 /* ManageCoreData+Insert.m */,
			);
			name = ManageCoreData;
			sourceTree = "<group>";
		};
		3F65DE111BCB66B70090E843 /* EntityHelp */ = {
			isa = PBXGroup;
			children = (
				3F65DE121BCB66C60090E843 /* NSManagedObject+EntityCreate.h */,
				3F65DE131BCB66C60090E843 /* NSManagedObject+EntityCreate.m */,
				3F65DE141BCB66C60090E843 /* NSManagedObjectContext+Help.h */,
				3F65DE151BCB66C60090E843 /* NSManagedObjectContext+Help.m */,
			);
			name = EntityHelp;
			sourceTree = "<group>";
		};
		3FC3BEC41BC79A2100E498F8 = {
			isa = PBXGroup;
			children = (
				3FC3BECF1BC79A2100E498F8 /* Candy */,
				3FC3BEE91BC79A2100E498F8 /* CandyTests */,
				3FC3BEF41BC79A2100E498F8 /* CandyUITests */,
				3FC3BECE1BC79A2100E498F8 /* Products */,
				E1EFB1AF2C5A98FD44769434 /* Pods */,
				E4E1229BD0E401EEAE7CD2EA /* Frameworks */,
			);
			sourceTree = "<group>";
		};
		3FC3BECE1BC79A2100E498F8 /* Products */ = {
			isa = PBXGroup;
			children = (
				3FC3BECD1BC79A2100E498F8 /* Candy.app */,
				3FC3BEE61BC79A2100E498F8 /* CandyTests.xctest */,
				3FC3BEF11BC79A2100E498F8 /* CandyUITests.xctest */,
			);
			name = Products;
			sourceTree = "<group>";
		};
		3FC3BECF1BC79A2100E498F8 /* Candy */ = {
			isa = PBXGroup;
			children = (
				3FC3BED31BC79A2100E498F8 /* AppDelegate.h */,
				3FC3BED41BC79A2100E498F8 /* AppDelegate.m */,
				3FC3BF081BC79CA100E498F8 /* Libs */,
				3FC3BF031BC79BC100E498F8 /* Source */,
				3FC3BEDC1BC79A2100E498F8 /* Assets.xcassets */,
				3FC3BEDE1BC79A2100E498F8 /* LaunchScreen.storyboard */,
				3FC3BEE11BC79A2100E498F8 /* Info.plist */,
				3FC3BED01BC79A2100E498F8 /* Supporting Files */,
			);
			path = Candy;
			sourceTree = "<group>";
		};
		3FC3BED01BC79A2100E498F8 /* Supporting Files */ = {
			isa = PBXGroup;
			children = (
				3FC3BED11BC79A2100E498F8 /* main.m */,
				3FC3BF0D1BC79D5300E498F8 /* PrefixHeader.pch */,
			);
			name = "Supporting Files";
			sourceTree = "<group>";
		};
		3FC3BEE91BC79A2100E498F8 /* CandyTests */ = {
			isa = PBXGroup;
			children = (
				3FC3BEEA1BC79A2100E498F8 /* CandyTests.m */,
				3FC3BEEC1BC79A2100E498F8 /* Info.plist */,
			);
			path = CandyTests;
			sourceTree = "<group>";
		};
		3FC3BEF41BC79A2100E498F8 /* CandyUITests */ = {
			isa = PBXGroup;
			children = (
				3FC3BEF51BC79A2100E498F8 /* CandyUITests.m */,
				3FC3BEF71BC79A2100E498F8 /* Info.plist */,
			);
			path = CandyUITests;
			sourceTree = "<group>";
		};
		3FC3BF031BC79BC100E498F8 /* Source */ = {
			isa = PBXGroup;
			children = (
				3FC3BF041BC79BC100E498F8 /* Controllers */,
				3FC3BF051BC79BC100E498F8 /* Models */,
				3FC3BF061BC79BC100E498F8 /* Views */,
			);
			path = Source;
			sourceTree = "<group>";
		};
		3FC3BF041BC79BC100E498F8 /* Controllers */ = {
			isa = PBXGroup;
			children = (
				3F5B96F11BC9029100C947F3 /* WebView */,
				3FC3BF111BC79FA500E498F8 /* HomeViewController */,
				3FC3BF071BC79C8100E498F8 /* RootViewController */,
				3FC3BF161BC79FF900E498F8 /* SecondViewController.h */,
				3FC3BF171BC79FF900E498F8 /* SecondViewController.m */,
			);
			path = Controllers;
			sourceTree = "<group>";
		};
		3FC3BF051BC79BC100E498F8 /* Models */ = {
			isa = PBXGroup;
			children = (
				3F65DE051BCB5A7A0090E843 /* CoreData */,
				3F5B96ED1BC8FA4300C947F3 /* Entity */,
				3F5B96E41BC8C30500C947F3 /* Services */,
				3F5B96DD1BC7AE7C00C947F3 /* Network */,
				3F5B96E11BC7AEA600C947F3 /* Core.h */,
				3F5B96E21BC7AEA600C947F3 /* Core.m */,
			);
			path = Models;
			sourceTree = "<group>";
		};
		3FC3BF061BC79BC100E498F8 /* Views */ = {
			isa = PBXGroup;
			children = (
				3F5B96E81BC8F70600C947F3 /* HomeTableViewCell.h */,
				3F5B96E91BC8F70600C947F3 /* HomeTableViewCell.m */,
				3F5B96EA1BC8F70600C947F3 /* HomeTableViewCell.xib */,
				3F65DE1E1BCB691A0090E843 /* UITableView+FetchResult.h */,
				3F65DE1F1BCB691A0090E843 /* UITableView+FetchResult.m */,
			);
			path = Views;
			sourceTree = "<group>";
		};
		3FC3BF071BC79C8100E498F8 /* RootViewController */ = {
			isa = PBXGroup;
			children = (
				3FC3BF0E1BC79F0200E498F8 /* RootTabBarController.h */,
				3FC3BF0F1BC79F0200E498F8 /* RootTabBarController.m */,
			);
			path = RootViewController;
			sourceTree = "<group>";
		};
		3FC3BF081BC79CA100E498F8 /* Libs */ = {
			isa = PBXGroup;
			children = (
				3FFBB6331BC91F35005EAA02 /* domob_ios_sdk */,
				3FC3BF091BC79D2000E498F8 /* SSRouter */,
			);
			path = Libs;
			sourceTree = "<group>";
		};
		3FC3BF091BC79D2000E498F8 /* SSRouter */ = {
			isa = PBXGroup;
			children = (
				3FC3BF0A1BC79D2000E498F8 /* XYRouter.h */,
				3FC3BF0B1BC79D2000E498F8 /* XYRouter.m */,
			);
			path = SSRouter;
			sourceTree = "<group>";
		};
		3FC3BF111BC79FA500E498F8 /* HomeViewController */ = {
			isa = PBXGroup;
			children = (
				3FC3BF121BC79FCB00E498F8 /* HomeViewController.h */,
				3FC3BF131BC79FCB00E498F8 /* HomeViewController.m */,
			);
			name = HomeViewController;
			sourceTree = "<group>";
		};
		3FFBB6331BC91F35005EAA02 /* domob_ios_sdk */ = {
			isa = PBXGroup;
			children = (
				3FFBB6341BC91F35005EAA02 /* DomobAdSDK */,
				3FFBB63E1BC91F35005EAA02 /* README.txt */,
				3FFBB63F1BC91F35005EAA02 /* UserGuide.pdf */,
			);
			path = domob_ios_sdk;
			sourceTree = "<group>";
		};
		3FFBB6341BC91F35005EAA02 /* DomobAdSDK */ = {
			isa = PBXGroup;
			children = (
				3FFBB6351BC91F35005EAA02 /* DMAdView.h */,
				3FFBB6361BC91F35005EAA02 /* DMFeedsAdView.h */,
				3FFBB6371BC91F35005EAA02 /* DMInterstitialAdController.h */,
				3FFBB6381BC91F35005EAA02 /* DMRTSplashAdController.h */,
				3FFBB6391BC91F35005EAA02 /* DMSplashAdController.h */,
				3FFBB63A1BC91F35005EAA02 /* DMTools.h */,
				3FFBB63B1BC91F35005EAA02 /* DomobAdSDKBundle */,
				3FFBB63D1BC91F35005EAA02 /* libDomobAdSDK.a */,
			);
			path = DomobAdSDK;
			sourceTree = "<group>";
		};
		3FFBB63B1BC91F35005EAA02 /* DomobAdSDKBundle */ = {
			isa = PBXGroup;
			children = (
				3FFBB63C1BC91F35005EAA02 /* DomobAdSDKBundle.bundle */,
			);
			path = DomobAdSDKBundle;
			sourceTree = "<group>";
		};
		E1EFB1AF2C5A98FD44769434 /* Pods */ = {
			isa = PBXGroup;
			children = (
				CDE2C6DD0F433E56FF8896C9 /* Pods.debug.xcconfig */,
				6AE9BF5F6F3324B549C875A1 /* Pods.release.xcconfig */,
			);
			name = Pods;
			sourceTree = "<group>";
		};
		E4E1229BD0E401EEAE7CD2EA /* Frameworks */ = {
			isa = PBXGroup;
			children = (
				3FFBB6621BC92372005EAA02 /* Foundation.framework */,
				3FFBB6601BC92366005EAA02 /* AudioToolbox.framework */,
				3FFBB65E1BC92354005EAA02 /* AVFoundation.framework */,
				3FFBB65C1BC9234F005EAA02 /* EventKit.framework */,
				3FFBB65A1BC92343005EAA02 /* Social.framework */,
				3FFBB6581BC92338005EAA02 /* CoreText.framework */,
				3FFBB6561BC9232C005EAA02 /* MediaPlayer.framework */,
				3FFBB6541BC92316005EAA02 /* libsqlite3.tbd */,
				3FFBB6521BC922FF005EAA02 /* libz.tbd */,
				3FFBB6501BC922DA005EAA02 /* CoreMedia.framework */,
				3FFBB64E1BC91F99005EAA02 /* AdSupport.framework */,
				3FFBB64C1BC91F90005EAA02 /* PassKit.framework */,
				3FFBB64A1BC91F87005EAA02 /* StoreKit.framework */,
				3FFBB6481BC91F7C005EAA02 /* CoreLocation.framework */,
				3FFBB6461BC91F70005EAA02 /* CoreGraphics.framework */,
				3FFBB6441BC91F60005EAA02 /* SystemConfiguration.framework */,
				8F4965E4C9B2C89E3E0B5786 /* libPods.a */,
			);
			name = Frameworks;
			sourceTree = "<group>";
		};
/* End PBXGroup section */

/* Begin PBXNativeTarget section */
		3FC3BECC1BC79A2100E498F8 /* Candy */ = {
			isa = PBXNativeTarget;
			buildConfigurationList = 3FC3BEFA1BC79A2100E498F8 /* Build configuration list for PBXNativeTarget "Candy" */;
			buildPhases = (
				40ADA6FCD30F47072C2EA08D /* Check Pods Manifest.lock */,
				3FC3BEC91BC79A2100E498F8 /* Sources */,
				3FC3BECA1BC79A2100E498F8 /* Frameworks */,
				3FC3BECB1BC79A2100E498F8 /* Resources */,
				E38F9AA021BBD00D9178AC23 /* Copy Pods Resources */,
				867CB592F349C02F6C4526DD /* Embed Pods Frameworks */,
			);
			buildRules = (
			);
			dependencies = (
			);
			name = Candy;
			productName = Candy;
			productReference = 3FC3BECD1BC79A2100E498F8 /* Candy.app */;
			productType = "com.apple.product-type.application";
		};
		3FC3BEE51BC79A2100E498F8 /* CandyTests */ = {
			isa = PBXNativeTarget;
			buildConfigurationList = 3FC3BEFD1BC79A2100E498F8 /* Build configuration list for PBXNativeTarget "CandyTests" */;
			buildPhases = (
				3FC3BEE21BC79A2100E498F8 /* Sources */,
				3FC3BEE31BC79A2100E498F8 /* Frameworks */,
				3FC3BEE41BC79A2100E498F8 /* Resources */,
			);
			buildRules = (
			);
			dependencies = (
				3FC3BEE81BC79A2100E498F8 /* PBXTargetDependency */,
			);
			name = CandyTests;
			productName = CandyTests;
			productReference = 3FC3BEE61BC79A2100E498F8 /* CandyTests.xctest */;
			productType = "com.apple.product-type.bundle.unit-test";
		};
		3FC3BEF01BC79A2100E498F8 /* CandyUITests */ = {
			isa = PBXNativeTarget;
			buildConfigurationList = 3FC3BF001BC79A2100E498F8 /* Build configuration list for PBXNativeTarget "CandyUITests" */;
			buildPhases = (
				3FC3BEED1BC79A2100E498F8 /* Sources */,
				3FC3BEEE1BC79A2100E498F8 /* Frameworks */,
				3FC3BEEF1BC79A2100E498F8 /* Resources */,
			);
			buildRules = (
			);
			dependencies = (
				3FC3BEF31BC79A2100E498F8 /* PBXTargetDependency */,
			);
			name = CandyUITests;
			productName = CandyUITests;
			productReference = 3FC3BEF11BC79A2100E498F8 /* CandyUITests.xctest */;
			productType = "com.apple.product-type.bundle.ui-testing";
		};
/* End PBXNativeTarget section */

/* Begin PBXProject section */
		3FC3BEC51BC79A2100E498F8 /* Project object */ = {
			isa = PBXProject;
			attributes = {
				LastUpgradeCheck = 0700;
				ORGANIZATIONNAME = caiming;
				TargetAttributes = {
					3FC3BECC1BC79A2100E498F8 = {
						CreatedOnToolsVersion = 7.0.1;
						DevelopmentTeam = CNJEHZ4MMU;
					};
					3FC3BEE51BC79A2100E498F8 = {
						CreatedOnToolsVersion = 7.0.1;
						TestTargetID = 3FC3BECC1BC79A2100E498F8;
					};
					3FC3BEF01BC79A2100E498F8 = {
						CreatedOnToolsVersion = 7.0.1;
						TestTargetID = 3FC3BECC1BC79A2100E498F8;
					};
				};
			};
			buildConfigurationList = 3FC3BEC81BC79A2100E498F8 /* Build configuration list for PBXProject "Candy" */;
			compatibilityVersion = "Xcode 3.2";
			developmentRegion = English;
			hasScannedForEncodings = 0;
			knownRegions = (
				en,
				Base,
			);
			mainGroup = 3FC3BEC41BC79A2100E498F8;
			productRefGroup = 3FC3BECE1BC79A2100E498F8 /* Products */;
			projectDirPath = "";
			projectRoot = "";
			targets = (
				3FC3BECC1BC79A2100E498F8 /* Candy */,
				3FC3BEE51BC79A2100E498F8 /* CandyTests */,
				3FC3BEF01BC79A2100E498F8 /* CandyUITests */,
			);
		};
/* End PBXProject section */

/* Begin PBXResourcesBuildPhase section */
		3FC3BECB1BC79A2100E498F8 /* Resources */ = {
			isa = PBXResourcesBuildPhase;
			buildActionMask = 2147483647;
			files = (
				3FC3BEE01BC79A2100E498F8 /* LaunchScreen.storyboard in Resources */,
				3FFBB6401BC91F35005EAA02 /* DomobAdSDKBundle.bundle in Resources */,
				3FFBB6431BC91F36005EAA02 /* UserGuide.pdf in Resources */,
				3F5B96EC1BC8F70600C947F3 /* HomeTableViewCell.xib in Resources */,
				3FC3BEDD1BC79A2100E498F8 /* Assets.xcassets in Resources */,
				3FFBB6421BC91F36005EAA02 /* README.txt in Resources */,
			);
			runOnlyForDeploymentPostprocessing = 0;
		};
		3FC3BEE41BC79A2100E498F8 /* Resources */ = {
			isa = PBXResourcesBuildPhase;
			buildActionMask = 2147483647;
			files = (
			);
			runOnlyForDeploymentPostprocessing = 0;
		};
		3FC3BEEF1BC79A2100E498F8 /* Resources */ = {
			isa = PBXResourcesBuildPhase;
			buildActionMask = 2147483647;
			files = (
			);
			runOnlyForDeploymentPostprocessing = 0;
		};
/* End PBXResourcesBuildPhase section */

/* Begin PBXShellScriptBuildPhase section */
		40ADA6FCD30F47072C2EA08D /* Check Pods Manifest.lock */ = {
			isa = PBXShellScriptBuildPhase;
			buildActionMask = 2147483647;
			files = (
			);
			inputPaths = (
			);
			name = "Check Pods Manifest.lock";
			outputPaths = (
			);
			runOnlyForDeploymentPostprocessing = 0;
			shellPath = /bin/sh;
			shellScript = "diff \"${PODS_ROOT}/../Podfile.lock\" \"${PODS_ROOT}/Manifest.lock\" > /dev/null\nif [[ $? != 0 ]] ; then\n    cat << EOM\nerror: The sandbox is not in sync with the Podfile.lock. Run 'pod install' or update your CocoaPods installation.\nEOM\n    exit 1\nfi\n";
			showEnvVarsInLog = 0;
		};
		867CB592F349C02F6C4526DD /* Embed Pods Frameworks */ = {
			isa = PBXShellScriptBuildPhase;
			buildActionMask = 2147483647;
			files = (
			);
			inputPaths = (
			);
			name = "Embed Pods Frameworks";
			outputPaths = (
			);
			runOnlyForDeploymentPostprocessing = 0;
			shellPath = /bin/sh;
			shellScript = "\"${SRCROOT}/Pods/Target Support Files/Pods/Pods-frameworks.sh\"\n";
			showEnvVarsInLog = 0;
		};
		E38F9AA021BBD00D9178AC23 /* Copy Pods Resources */ = {
			isa = PBXShellScriptBuildPhase;
			buildActionMask = 2147483647;
			files = (
			);
			inputPaths = (
			);
			name = "Copy Pods Resources";
			outputPaths = (
			);
			runOnlyForDeploymentPostprocessing = 0;
			shellPath = /bin/sh;
			shellScript = "\"${SRCROOT}/Pods/Target Support Files/Pods/Pods-resources.sh\"\n";
			showEnvVarsInLog = 0;
		};
/* End PBXShellScriptBuildPhase section */

/* Begin PBXSourcesBuildPhase section */
		3FC3BEC91BC79A2100E498F8 /* Sources */ = {
			isa = PBXSourcesBuildPhase;
			buildActionMask = 2147483647;
			files = (
				3F65DE171BCB66C60090E843 /* NSManagedObjectContext+Help.m in Sources */,
				3F65DE1C1BCB67070090E843 /* Meinv+CoreDataProperties.m in Sources */,
				3FC3BF181BC79FF900E498F8 /* SecondViewController.m in Sources */,
				3FC3BED51BC79A2100E498F8 /* AppDelegate.m in Sources */,
				3F5B96EB1BC8F70600C947F3 /* HomeTableViewCell.m in Sources */,
				3F65DE201BCB691A0090E843 /* UITableView+FetchResult.m in Sources */,
				3F5B96E71BC8C31E00C947F3 /* MeinvListService.m in Sources */,
				3F5B96E31BC7AEA600C947F3 /* Core.m in Sources */,
				3F65DE1D1BCB67070090E843 /* Meinv.m in Sources */,
				3F65DE0D1BCB5FCD0090E843 /* ManageCoreData.m in Sources */,
				3FC3BF101BC79F0200E498F8 /* RootTabBarController.m in Sources */,
				3F65DE081BCB5B3B0090E843 /* Candy.xcdatamodeld in Sources */,
				3FC3BED21BC79A2100E498F8 /* main.m in Sources */,
				3F5B96F41BC902CF00C947F3 /* WebViewController.m in Sources */,
				3F65DE161BCB66C60090E843 /* NSManagedObject+EntityCreate.m in Sources */,
				3FC3BF141BC79FCB00E498F8 /* HomeViewController.m in Sources */,
				3F65DE101BCB631B0090E843 /* ManageCoreData+Insert.m in Sources */,
				3F5B96E01BC7AE7C00C947F3 /* HttpClient.m in Sources */,
				3FC3BF0C1BC79D2000E498F8 /* XYRouter.m in Sources */,
				3F5B96F01BC8FA5500C947F3 /* MeinvModel.m in Sources */,
			);
			runOnlyForDeploymentPostprocessing = 0;
		};
		3FC3BEE21BC79A2100E498F8 /* Sources */ = {
			isa = PBXSourcesBuildPhase;
			buildActionMask = 2147483647;
			files = (
				3FC3BEEB1BC79A2100E498F8 /* CandyTests.m in Sources */,
			);
			runOnlyForDeploymentPostprocessing = 0;
		};
		3FC3BEED1BC79A2100E498F8 /* Sources */ = {
			isa = PBXSourcesBuildPhase;
			buildActionMask = 2147483647;
			files = (
				3FC3BEF61BC79A2100E498F8 /* CandyUITests.m in Sources */,
			);
			runOnlyForDeploymentPostprocessing = 0;
		};
/* End PBXSourcesBuildPhase section */

/* Begin PBXTargetDependency section */
		3FC3BEE81BC79A2100E498F8 /* PBXTargetDependency */ = {
			isa = PBXTargetDependency;
			target = 3FC3BECC1BC79A2100E498F8 /* Candy */;
			targetProxy = 3FC3BEE71BC79A2100E498F8 /* PBXContainerItemProxy */;
		};
		3FC3BEF31BC79A2100E498F8 /* PBXTargetDependency */ = {
			isa = PBXTargetDependency;
			target = 3FC3BECC1BC79A2100E498F8 /* Candy */;
			targetProxy = 3FC3BEF21BC79A2100E498F8 /* PBXContainerItemProxy */;
		};
/* End PBXTargetDependency section */

/* Begin PBXVariantGroup section */
		3FC3BEDE1BC79A2100E498F8 /* LaunchScreen.storyboard */ = {
			isa = PBXVariantGroup;
			children = (
				3FC3BEDF1BC79A2100E498F8 /* Base */,
			);
			name = LaunchScreen.storyboard;
			sourceTree = "<group>";
		};
/* End PBXVariantGroup section */

/* Begin XCBuildConfiguration section */
		3FC3BEF81BC79A2100E498F8 /* Debug */ = {
			isa = XCBuildConfiguration;
			buildSettings = {
				ALWAYS_SEARCH_USER_PATHS = NO;
				CLANG_CXX_LANGUAGE_STANDARD = "gnu++0x";
				CLANG_CXX_LIBRARY = "libc++";
				CLANG_ENABLE_MODULES = YES;
				CLANG_ENABLE_OBJC_ARC = YES;
				CLANG_WARN_BOOL_CONVERSION = YES;
				CLANG_WARN_CONSTANT_CONVERSION = YES;
				CLANG_WARN_DIRECT_OBJC_ISA_USAGE = YES_ERROR;
				CLANG_WARN_EMPTY_BODY = YES;
				CLANG_WARN_ENUM_CONVERSION = YES;
				CLANG_WARN_INT_CONVERSION = YES;
				CLANG_WARN_OBJC_ROOT_CLASS = YES_ERROR;
				CLANG_WARN_UNREACHABLE_CODE = YES;
				CLANG_WARN__DUPLICATE_METHOD_MATCH = YES;
				"CODE_SIGN_IDENTITY[sdk=iphoneos*]" = "iPhone Developer";
				COPY_PHASE_STRIP = NO;
				DEBUG_INFORMATION_FORMAT = dwarf;
				ENABLE_STRICT_OBJC_MSGSEND = YES;
				ENABLE_TESTABILITY = YES;
				GCC_C_LANGUAGE_STANDARD = gnu99;
				GCC_DYNAMIC_NO_PIC = NO;
				GCC_NO_COMMON_BLOCKS = YES;
				GCC_OPTIMIZATION_LEVEL = 0;
				GCC_PREPROCESSOR_DEFINITIONS = (
					"DEBUG=1",
					"$(inherited)",
				);
				GCC_WARN_64_TO_32_BIT_CONVERSION = YES;
				GCC_WARN_ABOUT_RETURN_TYPE = YES_ERROR;
				GCC_WARN_UNDECLARED_SELECTOR = YES;
				GCC_WARN_UNINITIALIZED_AUTOS = YES_AGGRESSIVE;
				GCC_WARN_UNUSED_FUNCTION = YES;
				GCC_WARN_UNUSED_VARIABLE = YES;
				IPHONEOS_DEPLOYMENT_TARGET = 7.0;
				MTL_ENABLE_DEBUG_INFO = YES;
				ONLY_ACTIVE_ARCH = YES;
				SDKROOT = iphoneos;
			};
			name = Debug;
		};
		3FC3BEF91BC79A2100E498F8 /* Release */ = {
			isa = XCBuildConfiguration;
			buildSettings = {
				ALWAYS_SEARCH_USER_PATHS = NO;
				CLANG_CXX_LANGUAGE_STANDARD = "gnu++0x";
				CLANG_CXX_LIBRARY = "libc++";
				CLANG_ENABLE_MODULES = YES;
				CLANG_ENABLE_OBJC_ARC = YES;
				CLANG_WARN_BOOL_CONVERSION = YES;
				CLANG_WARN_CONSTANT_CONVERSION = YES;
				CLANG_WARN_DIRECT_OBJC_ISA_USAGE = YES_ERROR;
				CLANG_WARN_EMPTY_BODY = YES;
				CLANG_WARN_ENUM_CONVERSION = YES;
				CLANG_WARN_INT_CONVERSION = YES;
				CLANG_WARN_OBJC_ROOT_CLASS = YES_ERROR;
				CLANG_WARN_UNREACHABLE_CODE = YES;
				CLANG_WARN__DUPLICATE_METHOD_MATCH = YES;
				"CODE_SIGN_IDENTITY[sdk=iphoneos*]" = "iPhone Developer";
				COPY_PHASE_STRIP = NO;
				DEBUG_INFORMATION_FORMAT = "dwarf-with-dsym";
				ENABLE_NS_ASSERTIONS = NO;
				ENABLE_STRICT_OBJC_MSGSEND = YES;
				GCC_C_LANGUAGE_STANDARD = gnu99;
				GCC_NO_COMMON_BLOCKS = YES;
				GCC_WARN_64_TO_32_BIT_CONVERSION = YES;
				GCC_WARN_ABOUT_RETURN_TYPE = YES_ERROR;
				GCC_WARN_UNDECLARED_SELECTOR = YES;
				GCC_WARN_UNINITIALIZED_AUTOS = YES_AGGRESSIVE;
				GCC_WARN_UNUSED_FUNCTION = YES;
				GCC_WARN_UNUSED_VARIABLE = YES;
				IPHONEOS_DEPLOYMENT_TARGET = 7.0;
				MTL_ENABLE_DEBUG_INFO = NO;
				SDKROOT = iphoneos;
				VALIDATE_PRODUCT = YES;
			};
			name = Release;
		};
		3FC3BEFB1BC79A2100E498F8 /* Debug */ = {
			isa = XCBuildConfiguration;
			baseConfigurationReference = CDE2C6DD0F433E56FF8896C9 /* Pods.debug.xcconfig */;
			buildSettings = {
				ASSETCATALOG_COMPILER_APPICON_NAME = AppIcon;
				ASSETCATALOG_COMPILER_LAUNCHIMAGE_NAME = LaunchImage;
				CODE_SIGN_IDENTITY = "iPhone Developer";
				ENABLE_BITCODE = NO;
				GCC_PREFIX_HEADER = Candy/PrefixHeader.pch;
				INFOPLIST_FILE = Candy/Info.plist;
				LD_RUNPATH_SEARCH_PATHS = "$(inherited) @executable_path/Frameworks";
				LIBRARY_SEARCH_PATHS = (
					"$(inherited)",
					"$(PROJECT_DIR)/Candy/Libs/domob_ios_sdk/DomobAdSDK",
				);
				OTHER_LDFLAGS = (
					"$(inherited)",
					"-ObjC",
					"-l\"AFNetworking\"",
					"-l\"MJRefresh\"",
					"-l\"SVProgressHUD\"",
					"-framework",
					"\"CoreGraphics\"",
					"-framework",
					"\"MobileCoreServices\"",
					"-framework",
					"\"QuartzCore\"",
					"-framework",
					"\"Security\"",
					"-framework",
					"\"SystemConfiguration\"",
				);
				PRODUCT_BUNDLE_IDENTIFIER = com.candy.release;
				PRODUCT_NAME = "$(TARGET_NAME)";
				PROVISIONING_PROFILE = "d18f8ebb-e234-4dd5-b5aa-3154a8a5e1bc";
			};
			name = Debug;
		};
		3FC3BEFC1BC79A2100E498F8 /* Release */ = {
			isa = XCBuildConfiguration;
			baseConfigurationReference = 6AE9BF5F6F3324B549C875A1 /* Pods.release.xcconfig */;
			buildSettings = {
				ASSETCATALOG_COMPILER_APPICON_NAME = AppIcon;
				ASSETCATALOG_COMPILER_LAUNCHIMAGE_NAME = LaunchImage;
				CODE_SIGN_IDENTITY = "iPhone Developer";
				ENABLE_BITCODE = NO;
				GCC_PREFIX_HEADER = Candy/PrefixHeader.pch;
				INFOPLIST_FILE = Candy/Info.plist;
				LD_RUNPATH_SEARCH_PATHS = "$(inherited) @executable_path/Frameworks";
				LIBRARY_SEARCH_PATHS = (
					"$(inherited)",
					"$(PROJECT_DIR)/Candy/Libs/domob_ios_sdk/DomobAdSDK",
				);
				OTHER_LDFLAGS = (
					"$(inherited)",
					"-ObjC",
					"-l\"AFNetworking\"",
					"-l\"MJRefresh\"",
					"-l\"SVProgressHUD\"",
					"-framework",
					"\"CoreGraphics\"",
					"-framework",
					"\"MobileCoreServices\"",
					"-framework",
					"\"QuartzCore\"",
					"-framework",
					"\"Security\"",
					"-framework",
					"\"SystemConfiguration\"",
				);
				PRODUCT_BUNDLE_IDENTIFIER = com.candy.release;
				PRODUCT_NAME = "$(TARGET_NAME)";
				PROVISIONING_PROFILE = "d18f8ebb-e234-4dd5-b5aa-3154a8a5e1bc";
			};
			name = Release;
		};
		3FC3BEFE1BC79A2100E498F8 /* Debug */ = {
			isa = XCBuildConfiguration;
			buildSettings = {
				BUNDLE_LOADER = "$(TEST_HOST)";
				INFOPLIST_FILE = CandyTests/Info.plist;
				LD_RUNPATH_SEARCH_PATHS = "$(inherited) @executable_path/Frameworks @loader_path/Frameworks";
				PRODUCT_BUNDLE_IDENTIFIER = com..CandyTests;
				PRODUCT_NAME = "$(TARGET_NAME)";
				TEST_HOST = "$(BUILT_PRODUCTS_DIR)/Candy.app/Candy";
			};
			name = Debug;
		};
		3FC3BEFF1BC79A2100E498F8 /* Release */ = {
			isa = XCBuildConfiguration;
			buildSettings = {
				BUNDLE_LOADER = "$(TEST_HOST)";
				INFOPLIST_FILE = CandyTests/Info.plist;
				LD_RUNPATH_SEARCH_PATHS = "$(inherited) @executable_path/Frameworks @loader_path/Frameworks";
				PRODUCT_BUNDLE_IDENTIFIER = com..CandyTests;
				PRODUCT_NAME = "$(TARGET_NAME)";
				TEST_HOST = "$(BUILT_PRODUCTS_DIR)/Candy.app/Candy";
			};
			name = Release;
		};
		3FC3BF011BC79A2100E498F8 /* Debug */ = {
			isa = XCBuildConfiguration;
			buildSettings = {
				INFOPLIST_FILE = CandyUITests/Info.plist;
				LD_RUNPATH_SEARCH_PATHS = "$(inherited) @executable_path/Frameworks @loader_path/Frameworks";
				PRODUCT_BUNDLE_IDENTIFIER = com..CandyUITests;
				PRODUCT_NAME = "$(TARGET_NAME)";
				TEST_TARGET_NAME = Candy;
				USES_XCTRUNNER = YES;
			};
			name = Debug;
		};
		3FC3BF021BC79A2100E498F8 /* Release */ = {
			isa = XCBuildConfiguration;
			buildSettings = {
				INFOPLIST_FILE = CandyUITests/Info.plist;
				LD_RUNPATH_SEARCH_PATHS = "$(inherited) @executable_path/Frameworks @loader_path/Frameworks";
				PRODUCT_BUNDLE_IDENTIFIER = com..CandyUITests;
				PRODUCT_NAME = "$(TARGET_NAME)";
				TEST_TARGET_NAME = Candy;
				USES_XCTRUNNER = YES;
			};
			name = Release;
		};
/* End XCBuildConfiguration section */

/* Begin XCConfigurationList section */
		3FC3BEC81BC79A2100E498F8 /* Build configuration list for PBXProject "Candy" */ = {
			isa = XCConfigurationList;
			buildConfigurations = (
				3FC3BEF81BC79A2100E498F8 /* Debug */,
				3FC3BEF91BC79A2100E498F8 /* Release */,
			);
			defaultConfigurationIsVisible = 0;
			defaultConfigurationName = Release;
		};
		3FC3BEFA1BC79A2100E498F8 /* Build configuration list for PBXNativeTarget "Candy" */ = {
			isa = XCConfigurationList;
			buildConfigurations = (
				3FC3BEFB1BC79A2100E498F8 /* Debug */,
				3FC3BEFC1BC79A2100E498F8 /* Release */,
			);
			defaultConfigurationIsVisible = 0;
			defaultConfigurationName = Release;
		};
		3FC3BEFD1BC79A2100E498F8 /* Build configuration list for PBXNativeTarget "CandyTests" */ = {
			isa = XCConfigurationList;
			buildConfigurations = (
				3FC3BEFE1BC79A2100E498F8 /* Debug */,
				3FC3BEFF1BC79A2100E498F8 /* Release */,
			);
			defaultConfigurationIsVisible = 0;
			defaultConfigurationName = Release;
		};
		3FC3BF001BC79A2100E498F8 /* Build configuration list for PBXNativeTarget "CandyUITests" */ = {
			isa = XCConfigurationList;
			buildConfigurations = (
				3FC3BF011BC79A2100E498F8 /* Debug */,
				3FC3BF021BC79A2100E498F8 /* Release */,
			);
			defaultConfigurationIsVisible = 0;
			defaultConfigurationName = Release;
		};
/* End XCConfigurationList section */

/* Begin XCVersionGroup section */
		3F65DE061BCB5B3B0090E843 /* Candy.xcdatamodeld */ = {
			isa = XCVersionGroup;
			children = (
				3F65DE071BCB5B3B0090E843 /* Candy.xcdatamodel */,
			);
			currentVersion = 3F65DE071BCB5B3B0090E843 /* Candy.xcdatamodel */;
			path = Candy.xcdatamodeld;
			sourceTree = "<group>";
			versionGroupType = wrapper.xcdatamodel;
		};
/* End XCVersionGroup section */
	};
	rootObject = 3FC3BEC51BC79A2100E498F8 /* Project object */;
}
