// !$*UTF8*$!
{
	archiveVersion = 1;
	classes = {
	};
	objectVersion = 46;
	objects = {

/* Begin PBXBuildFile section */
		3F5B96E01BC7AE7C00C947F3 /* HttpClient.m in Sources */ = {isa = PBXBuildFile; fileRef = 3F5B96DF1BC7AE7C00C947F3 /* HttpClient.m */; settings = {ASSET_TAGS = (); }; };
		3F5B96E31BC7AEA600C947F3 /* Core.m in Sources */ = {isa = PBXBuildFile; fileRef = 3F5B96E21BC7AEA600C947F3 /* Core.m */; settings = {ASSET_TAGS = (); }; };
		3FC3BED21BC79A2100E498F8 /* main.m in Sources */ = {isa = PBXBuildFile; fileRef = 3FC3BED11BC79A2100E498F8 /* main.m */; };
		3FC3BED51BC79A2100E498F8 /* AppDelegate.m in Sources */ = {isa = PBXBuildFile; fileRef = 3FC3BED41BC79A2100E498F8 /* AppDelegate.m */; };
		3FC3BEDD1BC79A2100E498F8 /* Assets.xcassets in Resources */ = {isa = PBXBuildFile; fileRef = 3FC3BEDC1BC79A2100E498F8 /* Assets.xcassets */; };
		3FC3BEE01BC79A2100E498F8 /* LaunchScreen.storyboard in Resources */ = {isa = PBXBuildFile; fileRef = 3FC3BEDE1BC79A2100E498F8 /* LaunchScreen.storyboard */; };
		3FC3BEEB1BC79A2100E498F8 /* CandyTests.m in Sources */ = {isa = PBXBuildFile; fileRef = 3FC3BEEA1BC79A2100E498F8 /* CandyTests.m */; };
		3FC3BEF61BC79A2100E498F8 /* CandyUITests.m in Sources */ = {isa = PBXBuildFile; fileRef = 3FC3BEF51BC79A2100E498F8 /* CandyUITests.m */; };
		3FC3BF0C1BC79D2000E498F8 /* XYRouter.m in Sources */ = {isa = PBXBuildFile; fileRef = 3FC3BF0B1BC79D2000E498F8 /* XYRouter.m */; settings = {ASSET_TAGS = (); }; };
		3FC3BF101BC79F0200E498F8 /* RootTabBarController.m in Sources */ = {isa = PBXBuildFile; fileRef = 3FC3BF0F1BC79F0200E498F8 /* RootTabBarController.m */; settings = {ASSET_TAGS = (); }; };
		3FC3BF141BC79FCB00E498F8 /* HomeViewController.m in Sources */ = {isa = PBXBuildFile; fileRef = 3FC3BF131BC79FCB00E498F8 /* HomeViewController.m */; settings = {ASSET_TAGS = (); }; };
		3FC3BF181BC79FF900E498F8 /* SecondViewController.m in Sources */ = {isa = PBXBuildFile; fileRef = 3FC3BF171BC79FF900E498F8 /* SecondViewController.m */; settings = {ASSET_TAGS = (); }; };
		7A2B71DA15011093610939B4 /* libPods.a in Frameworks */ = {isa = PBXBuildFile; fileRef = 8F4965E4C9B2C89E3E0B5786 /* libPods.a */; };
/* End PBXBuildFile section */

/* Begin PBXContainerItemProxy section */
		3FC3BEE71BC79A2100E498F8 /* PBXContainerItemProxy */ = {
			isa = PBXContainerItemProxy;
			containerPortal = 3FC3BEC51BC79A2100E498F8 /* Project object */;
			proxyType = 1;
			remoteGlobalIDString = 3FC3BECC1BC79A2100E498F8;
			remoteInfo = Candy;
		};
		3FC3BEF21BC79A2100E498F8 /* PBXContainerItemProxy */ = {
			isa = PBXContainerItemProxy;
			containerPortal = 3FC3BEC51BC79A2100E498F8 /* Project object */;
			proxyType = 1;
			remoteGlobalIDString = 3FC3BECC1BC79A2100E498F8;
			remoteInfo = Candy;
		};
/* End PBXContainerItemProxy section */

/* Begin PBXFileReference section */
		3F5B96DE1BC7AE7C00C947F3 /* HttpClient.h */ = {isa = PBXFileReference; fileEncoding = 4; lastKnownFileType = sourcecode.c.h; path = HttpClient.h; sourceTree = "<group>"; };
		3F5B96DF1BC7AE7C00C947F3 /* HttpClient.m */ = {isa = PBXFileReference; fileEncoding = 4; lastKnownFileType = sourcecode.c.objc; path = HttpClient.m; sourceTree = "<group>"; };
		3F5B96E11BC7AEA600C947F3 /* Core.h */ = {isa = PBXFileReference; fileEncoding = 4; lastKnownFileType = sourcecode.c.h; path = Core.h; sourceTree = "<group>"; };
		3F5B96E21BC7AEA600C947F3 /* Core.m */ = {isa = PBXFileReference; fileEncoding = 4; lastKnownFileType = sourcecode.c.objc; path = Core.m; sourceTree = "<group>"; };
		3FC3BECD1BC79A2100E498F8 /* Candy.app */ = {isa = PBXFileReference; explicitFileType = wrapper.application; includeInIndex = 0; path = Candy.app; sourceTree = BUILT_PRODUCTS_DIR; };
		3FC3BED11BC79A2100E498F8 /* main.m */ = {isa = PBXFileReference; lastKnownFileType = sourcecode.c.objc; path = main.m; sourceTree = "<group>"; };
		3FC3BED31BC79A2100E498F8 /* AppDelegate.h */ = {isa = PBXFileReference; lastKnownFileType = sourcecode.c.h; path = AppDelegate.h; sourceTree = "<group>"; };
		3FC3BED41BC79A2100E498F8 /* AppDelegate.m */ = {isa = PBXFileReference; lastKnownFileType = sourcecode.c.objc; path = AppDelegate.m; sourceTree = "<group>"; };
		3FC3BEDC1BC79A2100E498F8 /* Assets.xcassets */ = {isa = PBXFileReference; lastKnownFileType = folder.assetcatalog; path = Assets.xcassets; sourceTree = "<group>"; };
		3FC3BEDF1BC79A2100E498F8 /* Base */ = {isa = PBXFileReference; lastKnownFileType = file.storyboard; name = Base; path = Base.lproj/LaunchScreen.storyboard; sourceTree = "<group>"; };
		3FC3BEE11BC79A2100E498F8 /* Info.plist */ = {isa = PBXFileReference; lastKnownFileType = text.plist.xml; path = Info.plist; sourceTree = "<group>"; };
		3FC3BEE61BC79A2100E498F8 /* CandyTests.xctest */ = {isa = PBXFileReference; explicitFileType = wrapper.cfbundle; includeInIndex = 0; path = CandyTests.xctest; sourceTree = BUILT_PRODUCTS_DIR; };
		3FC3BEEA1BC79A2100E498F8 /* CandyTests.m */ = {isa = PBXFileReference; lastKnownFileType = sourcecode.c.objc; path = CandyTests.m; sourceTree = "<group>"; };
		3FC3BEEC1BC79A2100E498F8 /* Info.plist */ = {isa = PBXFileReference; lastKnownFileType = text.plist.xml; path = Info.plist; sourceTree = "<group>"; };
		3FC3BEF11BC79A2100E498F8 /* CandyUITests.xctest */ = {isa = PBXFileReference; explicitFileType = wrapper.cfbundle; includeInIndex = 0; path = CandyUITests.xctest; sourceTree = BUILT_PRODUCTS_DIR; };
		3FC3BEF51BC79A2100E498F8 /* CandyUITests.m */ = {isa = PBXFileReference; lastKnownFileType = sourcecode.c.objc; path = CandyUITests.m; sourceTree = "<group>"; };
		3FC3BEF71BC79A2100E498F8 /* Info.plist */ = {isa = PBXFileReference; lastKnownFileType = text.plist.xml; path = Info.plist; sourceTree = "<group>"; };
		3FC3BF0A1BC79D2000E498F8 /* XYRouter.h */ = {isa = PBXFileReference; fileEncoding = 4; lastKnownFileType = sourcecode.c.h; path = XYRouter.h; sourceTree = "<group>"; };
		3FC3BF0B1BC79D2000E498F8 /* XYRouter.m */ = {isa = PBXFileReference; fileEncoding = 4; lastKnownFileType = sourcecode.c.objc; path = XYRouter.m; sourceTree = "<group>"; };
		3FC3BF0D1BC79D5300E498F8 /* PrefixHeader.pch */ = {isa = PBXFileReference; lastKnownFileType = sourcecode.c.h; path = PrefixHeader.pch; sourceTree = "<group>"; };
		3FC3BF0E1BC79F0200E498F8 /* RootTabBarController.h */ = {isa = PBXFileReference; fileEncoding = 4; lastKnownFileType = sourcecode.c.h; path = RootTabBarController.h; sourceTree = "<group>"; };
		3FC3BF0F1BC79F0200E498F8 /* RootTabBarController.m */ = {isa = PBXFileReference; fileEncoding = 4; lastKnownFileType = sourcecode.c.objc; path = RootTabBarController.m; sourceTree = "<group>"; };
		3FC3BF121BC79FCB00E498F8 /* HomeViewController.h */ = {isa = PBXFileReference; fileEncoding = 4; lastKnownFileType = sourcecode.c.h; path = HomeViewController.h; sourceTree = "<group>"; };
		3FC3BF131BC79FCB00E498F8 /* HomeViewController.m */ = {isa = PBXFileReference; fileEncoding = 4; lastKnownFileType = sourcecode.c.objc; path = HomeViewController.m; sourceTree = "<group>"; };
		3FC3BF161BC79FF900E498F8 /* SecondViewController.h */ = {isa = PBXFileReference; fileEncoding = 4; lastKnownFileType = sourcecode.c.h; path = SecondViewController.h; sourceTree = "<group>"; };
		3FC3BF171BC79FF900E498F8 /* SecondViewController.m */ = {isa = PBXFileReference; fileEncoding = 4; lastKnownFileType = sourcecode.c.objc; path = SecondViewController.m; sourceTree = "<group>"; };
		6AE9BF5F6F3324B549C875A1 /* Pods.release.xcconfig */ = {isa = PBXFileReference; includeInIndex = 1; lastKnownFileType = text.xcconfig; name = Pods.release.xcconfig; path = "Pods/Target Support Files/Pods/Pods.release.xcconfig"; sourceTree = "<group>"; };
		8F4965E4C9B2C89E3E0B5786 /* libPods.a */ = {isa = PBXFileReference; explicitFileType = archive.ar; includeInIndex = 0; path = libPods.a; sourceTree = BUILT_PRODUCTS_DIR; };
		CDE2C6DD0F433E56FF8896C9 /* Pods.debug.xcconfig */ = {isa = PBXFileReference; includeInIndex = 1; lastKnownFileType = text.xcconfig; name = Pods.debug.xcconfig; path = "Pods/Target Support Files/Pods/Pods.debug.xcconfig"; sourceTree = "<group>"; };
/* End PBXFileReference section */

/* Begin PBXFrameworksBuildPhase section */
		3FC3BECA1BC79A2100E498F8 /* Frameworks */ = {
			isa = PBXFrameworksBuildPhase;
			buildActionMask = 2147483647;
			files = (
				7A2B71DA15011093610939B4 /* libPods.a in Frameworks */,
			);
			runOnlyForDeploymentPostprocessing = 0;
		};
		3FC3BEE31BC79A2100E498F8 /* Frameworks */ = {
			isa = PBXFrameworksBuildPhase;
			buildActionMask = 2147483647;
			files = (
			);
			runOnlyForDeploymentPostprocessing = 0;
		};
		3FC3BEEE1BC79A2100E498F8 /* Frameworks */ = {
			isa = PBXFrameworksBuildPhase;
			buildActionMask = 2147483647;
			files = (
			);
			runOnlyForDeploymentPostprocessing = 0;
		};
/* End PBXFrameworksBuildPhase section */

/* Begin PBXGroup section */
		3F5B96DD1BC7AE7C00C947F3 /* Network */ = {
			isa = PBXGroup;
			children = (
				3F5B96DE1BC7AE7C00C947F3 /* HttpClient.h */,
				3F5B96DF1BC7AE7C00C947F3 /* HttpClient.m */,
			);
			path = Network;
			sourceTree = "<group>";
		};
		3FC3BEC41BC79A2100E498F8 = {
			isa = PBXGroup;
			children = (
				3FC3BECF1BC79A2100E498F8 /* Candy */,
				3FC3BEE91BC79A2100E498F8 /* CandyTests */,
				3FC3BEF41BC79A2100E498F8 /* CandyUITests */,
				3FC3BECE1BC79A2100E498F8 /* Products */,
				E1EFB1AF2C5A98FD44769434 /* Pods */,
				E4E1229BD0E401EEAE7CD2EA /* Frameworks */,
			);
			sourceTree = "<group>";
		};
		3FC3BECE1BC79A2100E498F8 /* Products */ = {
			isa = PBXGroup;
			children = (
				3FC3BECD1BC79A2100E498F8 /* Candy.app */,
				3FC3BEE61BC79A2100E498F8 /* CandyTests.xctest */,
				3FC3BEF11BC79A2100E498F8 /* CandyUITests.xctest */,
			);
			name = Products;
			sourceTree = "<group>";
		};
		3FC3BECF1BC79A2100E498F8 /* Candy */ = {
			isa = PBXGroup;
			children = (
				3FC3BED31BC79A2100E498F8 /* AppDelegate.h */,
				3FC3BED41BC79A2100E498F8 /* AppDelegate.m */,
				3FC3BF081BC79CA100E498F8 /* Libs */,
				3FC3BF031BC79BC100E498F8 /* Source */,
				3FC3BEDC1BC79A2100E498F8 /* Assets.xcassets */,
				3FC3BEDE1BC79A2100E498F8 /* LaunchScreen.storyboard */,
				3FC3BEE11BC79A2100E498F8 /* Info.plist */,
				3FC3BED01BC79A2100E498F8 /* Supporting Files */,
			);
			path = Candy;
			sourceTree = "<group>";
		};
		3FC3BED01BC79A2100E498F8 /* Supporting Files */ = {
			isa = PBXGroup;
			children = (
				3FC3BED11BC79A2100E498F8 /* main.m */,
				3FC3BF0D1BC79D5300E498F8 /* PrefixHeader.pch */,
			);
			name = "Supporting Files";
			sourceTree = "<group>";
		};
		3FC3BEE91BC79A2100E498F8 /* CandyTests */ = {
			isa = PBXGroup;
			children = (
				3FC3BEEA1BC79A2100E498F8 /* CandyTests.m */,
				3FC3BEEC1BC79A2100E498F8 /* Info.plist */,
			);
			path = CandyTests;
			sourceTree = "<group>";
		};
		3FC3BEF41BC79A2100E498F8 /* CandyUITests */ = {
			isa = PBXGroup;
			children = (
				3FC3BEF51BC79A2100E498F8 /* CandyUITests.m */,
				3FC3BEF71BC79A2100E498F8 /* Info.plist */,
			);
			path = CandyUITests;
			sourceTree = "<group>";
		};
		3FC3BF031BC79BC100E498F8 /* Source */ = {
			isa = PBXGroup;
			children = (
				3FC3BF041BC79BC100E498F8 /* Controllers */,
				3FC3BF051BC79BC100E498F8 /* Models */,
				3FC3BF061BC79BC100E498F8 /* Views */,
			);
			path = Source;
			sourceTree = "<group>";
		};
		3FC3BF041BC79BC100E498F8 /* Controllers */ = {
			isa = PBXGroup;
			children = (
				3FC3BF111BC79FA500E498F8 /* HomeViewController */,
				3FC3BF071BC79C8100E498F8 /* RootViewController */,
				3FC3BF161BC79FF900E498F8 /* SecondViewController.h */,
				3FC3BF171BC79FF900E498F8 /* SecondViewController.m */,
			);
			path = Controllers;
			sourceTree = "<group>";
		};
		3FC3BF051BC79BC100E498F8 /* Models */ = {
			isa = PBXGroup;
			children = (
				3F5B96DD1BC7AE7C00C947F3 /* Network */,
				3F5B96E11BC7AEA600C947F3 /* Core.h */,
				3F5B96E21BC7AEA600C947F3 /* Core.m */,
			);
			path = Models;
			sourceTree = "<group>";
		};
		3FC3BF061BC79BC100E498F8 /* Views */ = {
			isa = PBXGroup;
			children = (
			);
			path = Views;
			sourceTree = "<group>";
		};
		3FC3BF071BC79C8100E498F8 /* RootViewController */ = {
			isa = PBXGroup;
			children = (
				3FC3BF0E1BC79F0200E498F8 /* RootTabBarController.h */,
				3FC3BF0F1BC79F0200E498F8 /* RootTabBarController.m */,
			);
			path = RootViewController;
			sourceTree = "<group>";
		};
		3FC3BF081BC79CA100E498F8 /* Libs */ = {
			isa = PBXGroup;
			children = (
				3FC3BF091BC79D2000E498F8 /* SSRouter */,
			);
			path = Libs;
			sourceTree = "<group>";
		};
		3FC3BF091BC79D2000E498F8 /* SSRouter */ = {
			isa = PBXGroup;
			children = (
				3FC3BF0A1BC79D2000E498F8 /* XYRouter.h */,
				3FC3BF0B1BC79D2000E498F8 /* XYRouter.m */,
			);
			path = SSRouter;
			sourceTree = "<group>";
		};
		3FC3BF111BC79FA500E498F8 /* HomeViewController */ = {
			isa = PBXGroup;
			children = (
				3FC3BF121BC79FCB00E498F8 /* HomeViewController.h */,
				3FC3BF131BC79FCB00E498F8 /* HomeViewController.m */,
			);
			name = HomeViewController;
			sourceTree = "<group>";
		};
		E1EFB1AF2C5A98FD44769434 /* Pods */ = {
			isa = PBXGroup;
			children = (
				CDE2C6DD0F433E56FF8896C9 /* Pods.debug.xcconfig */,
				6AE9BF5F6F3324B549C875A1 /* Pods.release.xcconfig */,
			);
			name = Pods;
			sourceTree = "<group>";
		};
		E4E1229BD0E401EEAE7CD2EA /* Frameworks */ = {
			isa = PBXGroup;
			children = (
				8F4965E4C9B2C89E3E0B5786 /* libPods.a */,
			);
			name = Frameworks;
			sourceTree = "<group>";
		};
/* End PBXGroup section */

/* Begin PBXNativeTarget section */
		3FC3BECC1BC79A2100E498F8 /* Candy */ = {
			isa = PBXNativeTarget;
			buildConfigurationList = 3FC3BEFA1BC79A2100E498F8 /* Build configuration list for PBXNativeTarget "Candy" */;
			buildPhases = (
				40ADA6FCD30F47072C2EA08D /* Check Pods Manifest.lock */,
				3FC3BEC91BC79A2100E498F8 /* Sources */,
				3FC3BECA1BC79A2100E498F8 /* Frameworks */,
				3FC3BECB1BC79A2100E498F8 /* Resources */,
				E38F9AA021BBD00D9178AC23 /* Copy Pods Resources */,
			);
			buildRules = (
			);
			dependencies = (
			);
			name = Candy;
			productName = Candy;
			productReference = 3FC3BECD1BC79A2100E498F8 /* Candy.app */;
			productType = "com.apple.product-type.application";
		};
		3FC3BEE51BC79A2100E498F8 /* CandyTests */ = {
			isa = PBXNativeTarget;
			buildConfigurationList = 3FC3BEFD1BC79A2100E498F8 /* Build configuration list for PBXNativeTarget "CandyTests" */;
			buildPhases = (
				3FC3BEE21BC79A2100E498F8 /* Sources */,
				3FC3BEE31BC79A2100E498F8 /* Frameworks */,
				3FC3BEE41BC79A2100E498F8 /* Resources */,
			);
			buildRules = (
			);
			dependencies = (
				3FC3BEE81BC79A2100E498F8 /* PBXTargetDependency */,
			);
			name = CandyTests;
			productName = CandyTests;
			productReference = 3FC3BEE61BC79A2100E498F8 /* CandyTests.xctest */;
			productType = "com.apple.product-type.bundle.unit-test";
		};
		3FC3BEF01BC79A2100E498F8 /* CandyUITests */ = {
			isa = PBXNativeTarget;
			buildConfigurationList = 3FC3BF001BC79A2100E498F8 /* Build configuration list for PBXNativeTarget "CandyUITests" */;
			buildPhases = (
				3FC3BEED1BC79A2100E498F8 /* Sources */,
				3FC3BEEE1BC79A2100E498F8 /* Frameworks */,
				3FC3BEEF1BC79A2100E498F8 /* Resources */,
			);
			buildRules = (
			);
			dependencies = (
				3FC3BEF31BC79A2100E498F8 /* PBXTargetDependency */,
			);
			name = CandyUITests;
			productName = CandyUITests;
			productReference = 3FC3BEF11BC79A2100E498F8 /* CandyUITests.xctest */;
			productType = "com.apple.product-type.bundle.ui-testing";
		};
/* End PBXNativeTarget section */

/* Begin PBXProject section */
		3FC3BEC51BC79A2100E498F8 /* Project object */ = {
			isa = PBXProject;
			attributes = {
				LastUpgradeCheck = 0700;
				ORGANIZATIONNAME = caiming;
				TargetAttributes = {
					3FC3BECC1BC79A2100E498F8 = {
						CreatedOnToolsVersion = 7.0.1;
					};
					3FC3BEE51BC79A2100E498F8 = {
						CreatedOnToolsVersion = 7.0.1;
						TestTargetID = 3FC3BECC1BC79A2100E498F8;
					};
					3FC3BEF01BC79A2100E498F8 = {
						CreatedOnToolsVersion = 7.0.1;
						TestTargetID = 3FC3BECC1BC79A2100E498F8;
					};
				};
			};
			buildConfigurationList = 3FC3BEC81BC79A2100E498F8 /* Build configuration list for PBXProject "Candy" */;
			compatibilityVersion = "Xcode 3.2";
			developmentRegion = English;
			hasScannedForEncodings = 0;
			knownRegions = (
				en,
				Base,
			);
			mainGroup = 3FC3BEC41BC79A2100E498F8;
			productRefGroup = 3FC3BECE1BC79A2100E498F8 /* Products */;
			projectDirPath = "";
			projectRoot = "";
			targets = (
				3FC3BECC1BC79A2100E498F8 /* Candy */,
				3FC3BEE51BC79A2100E498F8 /* CandyTests */,
				3FC3BEF01BC79A2100E498F8 /* CandyUITests */,
			);
		};
/* End PBXProject section */

/* Begin PBXResourcesBuildPhase section */
		3FC3BECB1BC79A2100E498F8 /* Resources */ = {
			isa = PBXResourcesBuildPhase;
			buildActionMask = 2147483647;
			files = (
				3FC3BEE01BC79A2100E498F8 /* LaunchScreen.storyboard in Resources */,
				3FC3BEDD1BC79A2100E498F8 /* Assets.xcassets in Resources */,
			);
			runOnlyForDeploymentPostprocessing = 0;
		};
		3FC3BEE41BC79A2100E498F8 /* Resources */ = {
			isa = PBXResourcesBuildPhase;
			buildActionMask = 2147483647;
			files = (
			);
			runOnlyForDeploymentPostprocessing = 0;
		};
		3FC3BEEF1BC79A2100E498F8 /* Resources */ = {
			isa = PBXResourcesBuildPhase;
			buildActionMask = 2147483647;
			files = (
			);
			runOnlyForDeploymentPostprocessing = 0;
		};
/* End PBXResourcesBuildPhase section */

/* Begin PBXShellScriptBuildPhase section */
		40ADA6FCD30F47072C2EA08D /* Check Pods Manifest.lock */ = {
			isa = PBXShellScriptBuildPhase;
			buildActionMask = 2147483647;
			files = (
			);
			inputPaths = (
			);
			name = "Check Pods Manifest.lock";
			outputPaths = (
			);
			runOnlyForDeploymentPostprocessing = 0;
			shellPath = /bin/sh;
			shellScript = "diff \"${PODS_ROOT}/../Podfile.lock\" \"${PODS_ROOT}/Manifest.lock\" > /dev/null\nif [[ $? != 0 ]] ; then\n    cat << EOM\nerror: The sandbox is not in sync with the Podfile.lock. Run 'pod install' or update your CocoaPods installation.\nEOM\n    exit 1\nfi\n";
			showEnvVarsInLog = 0;
		};
		E38F9AA021BBD00D9178AC23 /* Copy Pods Resources */ = {
			isa = PBXShellScriptBuildPhase;
			buildActionMask = 2147483647;
			files = (
			);
			inputPaths = (
			);
			name = "Copy Pods Resources";
			outputPaths = (
			);
			runOnlyForDeploymentPostprocessing = 0;
			shellPath = /bin/sh;
			shellScript = "\"${SRCROOT}/Pods/Target Support Files/Pods/Pods-resources.sh\"\n";
			showEnvVarsInLog = 0;
		};
/* End PBXShellScriptBuildPhase section */

/* Begin PBXSourcesBuildPhase section */
		3FC3BEC91BC79A2100E498F8 /* Sources */ = {
			isa = PBXSourcesBuildPhase;
			buildActionMask = 2147483647;
			files = (
				3FC3BF181BC79FF900E498F8 /* SecondViewController.m in Sources */,
				3FC3BED51BC79A2100E498F8 /* AppDelegate.m in Sources */,
				3F5B96E31BC7AEA600C947F3 /* Core.m in Sources */,
				3FC3BF101BC79F0200E498F8 /* RootTabBarController.m in Sources */,
				3FC3BED21BC79A2100E498F8 /* main.m in Sources */,
				3FC3BF141BC79FCB00E498F8 /* HomeViewController.m in Sources */,
				3F5B96E01BC7AE7C00C947F3 /* HttpClient.m in Sources */,
				3FC3BF0C1BC79D2000E498F8 /* XYRouter.m in Sources */,
			);
			runOnlyForDeploymentPostprocessing = 0;
		};
		3FC3BEE21BC79A2100E498F8 /* Sources */ = {
			isa = PBXSourcesBuildPhase;
			buildActionMask = 2147483647;
			files = (
				3FC3BEEB1BC79A2100E498F8 /* CandyTests.m in Sources */,
			);
			runOnlyForDeploymentPostprocessing = 0;
		};
		3FC3BEED1BC79A2100E498F8 /* Sources */ = {
			isa = PBXSourcesBuildPhase;
			buildActionMask = 2147483647;
			files = (
				3FC3BEF61BC79A2100E498F8 /* CandyUITests.m in Sources */,
			);
			runOnlyForDeploymentPostprocessing = 0;
		};
/* End PBXSourcesBuildPhase section */

/* Begin PBXTargetDependency section */
		3FC3BEE81BC79A2100E498F8 /* PBXTargetDependency */ = {
			isa = PBXTargetDependency;
			target = 3FC3BECC1BC79A2100E498F8 /* Candy */;
			targetProxy = 3FC3BEE71BC79A2100E498F8 /* PBXContainerItemProxy */;
		};
		3FC3BEF31BC79A2100E498F8 /* PBXTargetDependency */ = {
			isa = PBXTargetDependency;
			target = 3FC3BECC1BC79A2100E498F8 /* Candy */;
			targetProxy = 3FC3BEF21BC79A2100E498F8 /* PBXContainerItemProxy */;
		};
/* End PBXTargetDependency section */

/* Begin PBXVariantGroup section */
		3FC3BEDE1BC79A2100E498F8 /* LaunchScreen.storyboard */ = {
			isa = PBXVariantGroup;
			children = (
				3FC3BEDF1BC79A2100E498F8 /* Base */,
			);
			name = LaunchScreen.storyboard;
			sourceTree = "<group>";
		};
/* End PBXVariantGroup section */

/* Begin XCBuildConfiguration section */
		3FC3BEF81BC79A2100E498F8 /* Debug */ = {
			isa = XCBuildConfiguration;
			buildSettings = {
				ALWAYS_SEARCH_USER_PATHS = NO;
				CLANG_CXX_LANGUAGE_STANDARD = "gnu++0x";
				CLANG_CXX_LIBRARY = "libc++";
				CLANG_ENABLE_MODULES = YES;
				CLANG_ENABLE_OBJC_ARC = YES;
				CLANG_WARN_BOOL_CONVERSION = YES;
				CLANG_WARN_CONSTANT_CONVERSION = YES;
				CLANG_WARN_DIRECT_OBJC_ISA_USAGE = YES_ERROR;
				CLANG_WARN_EMPTY_BODY = YES;
				CLANG_WARN_ENUM_CONVERSION = YES;
				CLANG_WARN_INT_CONVERSION = YES;
				CLANG_WARN_OBJC_ROOT_CLASS = YES_ERROR;
				CLANG_WARN_UNREACHABLE_CODE = YES;
				CLANG_WARN__DUPLICATE_METHOD_MATCH = YES;
				"CODE_SIGN_IDENTITY[sdk=iphoneos*]" = "iPhone Developer";
				COPY_PHASE_STRIP = NO;
				DEBUG_INFORMATION_FORMAT = dwarf;
				ENABLE_STRICT_OBJC_MSGSEND = YES;
				ENABLE_TESTABILITY = YES;
				GCC_C_LANGUAGE_STANDARD = gnu99;
				GCC_DYNAMIC_NO_PIC = NO;
				GCC_NO_COMMON_BLOCKS = YES;
				GCC_OPTIMIZATION_LEVEL = 0;
				GCC_PREPROCESSOR_DEFINITIONS = (
					"DEBUG=1",
					"$(inherited)",
				);
				GCC_WARN_64_TO_32_BIT_CONVERSION = YES;
				GCC_WARN_ABOUT_RETURN_TYPE = YES_ERROR;
				GCC_WARN_UNDECLARED_SELECTOR = YES;
				GCC_WARN_UNINITIALIZED_AUTOS = YES_AGGRESSIVE;
				GCC_WARN_UNUSED_FUNCTION = YES;
				GCC_WARN_UNUSED_VARIABLE = YES;
				IPHONEOS_DEPLOYMENT_TARGET = 7.0;
				MTL_ENABLE_DEBUG_INFO = YES;
				ONLY_ACTIVE_ARCH = YES;
				SDKROOT = iphoneos;
			};
			name = Debug;
		};
		3FC3BEF91BC79A2100E498F8 /* Release */ = {
			isa = XCBuildConfiguration;
			buildSettings = {
				ALWAYS_SEARCH_USER_PATHS = NO;
				CLANG_CXX_LANGUAGE_STANDARD = "gnu++0x";
				CLANG_CXX_LIBRARY = "libc++";
				CLANG_ENABLE_MODULES = YES;
				CLANG_ENABLE_OBJC_ARC = YES;
				CLANG_WARN_BOOL_CONVERSION = YES;
				CLANG_WARN_CONSTANT_CONVERSION = YES;
				CLANG_WARN_DIRECT_OBJC_ISA_USAGE = YES_ERROR;
				CLANG_WARN_EMPTY_BODY = YES;
				CLANG_WARN_ENUM_CONVERSION = YES;
				CLANG_WARN_INT_CONVERSION = YES;
				CLANG_WARN_OBJC_ROOT_CLASS = YES_ERROR;
				CLANG_WARN_UNREACHABLE_CODE = YES;
				CLANG_WARN__DUPLICATE_METHOD_MATCH = YES;
				"CODE_SIGN_IDENTITY[sdk=iphoneos*]" = "iPhone Developer";
				COPY_PHASE_STRIP = NO;
				DEBUG_INFORMATION_FORMAT = "dwarf-with-dsym";
				ENABLE_NS_ASSERTIONS = NO;
				ENABLE_STRICT_OBJC_MSGSEND = YES;
				GCC_C_LANGUAGE_STANDARD = gnu99;
				GCC_NO_COMMON_BLOCKS = YES;
				GCC_WARN_64_TO_32_BIT_CONVERSION = YES;
				GCC_WARN_ABOUT_RETURN_TYPE = YES_ERROR;
				GCC_WARN_UNDECLARED_SELECTOR = YES;
				GCC_WARN_UNINITIALIZED_AUTOS = YES_AGGRESSIVE;
				GCC_WARN_UNUSED_FUNCTION = YES;
				GCC_WARN_UNUSED_VARIABLE = YES;
				IPHONEOS_DEPLOYMENT_TARGET = 7.0;
				MTL_ENABLE_DEBUG_INFO = NO;
				SDKROOT = iphoneos;
				VALIDATE_PRODUCT = YES;
			};
			name = Release;
		};
		3FC3BEFB1BC79A2100E498F8 /* Debug */ = {
			isa = XCBuildConfiguration;
			baseConfigurationReference = CDE2C6DD0F433E56FF8896C9 /* Pods.debug.xcconfig */;
			buildSettings = {
				ASSETCATALOG_COMPILER_APPICON_NAME = AppIcon;
				ASSETCATALOG_COMPILER_LAUNCHIMAGE_NAME = LaunchImage;
				GCC_PREFIX_HEADER = Candy/PrefixHeader.pch;
				INFOPLIST_FILE = Candy/Info.plist;
				LD_RUNPATH_SEARCH_PATHS = "$(inherited) @executable_path/Frameworks";
				PRODUCT_BUNDLE_IDENTIFIER = com.cm.Candy;
				PRODUCT_NAME = "$(TARGET_NAME)";
			};
			name = Debug;
		};
		3FC3BEFC1BC79A2100E498F8 /* Release */ = {
			isa = XCBuildConfiguration;
			baseConfigurationReference = 6AE9BF5F6F3324B549C875A1 /* Pods.release.xcconfig */;
			buildSettings = {
				ASSETCATALOG_COMPILER_APPICON_NAME = AppIcon;
				ASSETCATALOG_COMPILER_LAUNCHIMAGE_NAME = LaunchImage;
				GCC_PREFIX_HEADER = Candy/PrefixHeader.pch;
				INFOPLIST_FILE = Candy/Info.plist;
				LD_RUNPATH_SEARCH_PATHS = "$(inherited) @executable_path/Frameworks";
				PRODUCT_BUNDLE_IDENTIFIER = com.cm.Candy;
				PRODUCT_NAME = "$(TARGET_NAME)";
			};
			name = Release;
		};
		3FC3BEFE1BC79A2100E498F8 /* Debug */ = {
			isa = XCBuildConfiguration;
			buildSettings = {
				BUNDLE_LOADER = "$(TEST_HOST)";
				INFOPLIST_FILE = CandyTests/Info.plist;
				LD_RUNPATH_SEARCH_PATHS = "$(inherited) @executable_path/Frameworks @loader_path/Frameworks";
				PRODUCT_BUNDLE_IDENTIFIER = com..CandyTests;
				PRODUCT_NAME = "$(TARGET_NAME)";
				TEST_HOST = "$(BUILT_PRODUCTS_DIR)/Candy.app/Candy";
			};
			name = Debug;
		};
		3FC3BEFF1BC79A2100E498F8 /* Release */ = {
			isa = XCBuildConfiguration;
			buildSettings = {
				BUNDLE_LOADER = "$(TEST_HOST)";
				INFOPLIST_FILE = CandyTests/Info.plist;
				LD_RUNPATH_SEARCH_PATHS = "$(inherited) @executable_path/Frameworks @loader_path/Frameworks";
				PRODUCT_BUNDLE_IDENTIFIER = com..CandyTests;
				PRODUCT_NAME = "$(TARGET_NAME)";
				TEST_HOST = "$(BUILT_PRODUCTS_DIR)/Candy.app/Candy";
			};
			name = Release;
		};
		3FC3BF011BC79A2100E498F8 /* Debug */ = {
			isa = XCBuildConfiguration;
			buildSettings = {
				INFOPLIST_FILE = CandyUITests/Info.plist;
				LD_RUNPATH_SEARCH_PATHS = "$(inherited) @executable_path/Frameworks @loader_path/Frameworks";
				PRODUCT_BUNDLE_IDENTIFIER = com..CandyUITests;
				PRODUCT_NAME = "$(TARGET_NAME)";
				TEST_TARGET_NAME = Candy;
				USES_XCTRUNNER = YES;
			};
			name = Debug;
		};
		3FC3BF021BC79A2100E498F8 /* Release */ = {
			isa = XCBuildConfiguration;
			buildSettings = {
				INFOPLIST_FILE = CandyUITests/Info.plist;
				LD_RUNPATH_SEARCH_PATHS = "$(inherited) @executable_path/Frameworks @loader_path/Frameworks";
				PRODUCT_BUNDLE_IDENTIFIER = com..CandyUITests;
				PRODUCT_NAME = "$(TARGET_NAME)";
				TEST_TARGET_NAME = Candy;
				USES_XCTRUNNER = YES;
			};
			name = Release;
		};
/* End XCBuildConfiguration section */

/* Begin XCConfigurationList section */
		3FC3BEC81BC79A2100E498F8 /* Build configuration list for PBXProject "Candy" */ = {
			isa = XCConfigurationList;
			buildConfigurations = (
				3FC3BEF81BC79A2100E498F8 /* Debug */,
				3FC3BEF91BC79A2100E498F8 /* Release */,
			);
			defaultConfigurationIsVisible = 0;
			defaultConfigurationName = Release;
		};
		3FC3BEFA1BC79A2100E498F8 /* Build configuration list for PBXNativeTarget "Candy" */ = {
			isa = XCConfigurationList;
			buildConfigurations = (
				3FC3BEFB1BC79A2100E498F8 /* Debug */,
				3FC3BEFC1BC79A2100E498F8 /* Release */,
			);
			defaultConfigurationIsVisible = 0;
			defaultConfigurationName = Release;
		};
		3FC3BEFD1BC79A2100E498F8 /* Build configuration list for PBXNativeTarget "CandyTests" */ = {
			isa = XCConfigurationList;
			buildConfigurations = (
				3FC3BEFE1BC79A2100E498F8 /* Debug */,
				3FC3BEFF1BC79A2100E498F8 /* Release */,
			);
			defaultConfigurationIsVisible = 0;
			defaultConfigurationName = Release;
		};
		3FC3BF001BC79A2100E498F8 /* Build configuration list for PBXNativeTarget "CandyUITests" */ = {
			isa = XCConfigurationList;
			buildConfigurations = (
				3FC3BF011BC79A2100E498F8 /* Debug */,
				3FC3BF021BC79A2100E498F8 /* Release */,
			);
			defaultConfigurationIsVisible = 0;
			defaultConfigurationName = Release;
		};
/* End XCConfigurationList section */
	};
	rootObject = 3FC3BEC51BC79A2100E498F8 /* Project object */;
}
